
Microsoft Visual Studio Solution File, Format Version 12.00
# Visual Studio 14
VisualStudioVersion = 14.0.25420.1
MinimumVisualStudioVersion = 10.0.40219.1
Project("{FAE04EC0-301F-11D3-BF4B-00C04F79EFBC}") = "ListViewNoBinding.Droid", "ListViewNoBinding\ListViewNoBinding.Droid\ListViewNoBinding.Droid.csproj", "{FD67E239-6BEC-49CF-B3BB-1D5DAA2142CB}"
EndProject
Project("{FAE04EC0-301F-11D3-BF4B-00C04F79EFBC}") = "ListViewNoBinding.iOS", "ListViewNoBinding\ListViewNoBinding.iOS\ListViewNoBinding.iOS.csproj", "{E033A586-3AE0-4A67-A299-79ECF2285D9D}"
EndProject
Project("{FAE04EC0-301F-11D3-BF4B-00C04F79EFBC}") = "ListViewNoBinding.WinPhone", "ListViewNoBinding\ListViewNoBinding.WinPhone\ListViewNoBinding.WinPhone.csproj", "{3120DD09-7EA8-4E9A-BE2D-D6A89057C94C}"
EndProject
Project("{FAE04EC0-301F-11D3-BF4B-00C04F79EFBC}") = "ListViewNoBinding.UWP", "ListViewNoBinding\ListViewNoBinding.UWP\ListViewNoBinding.UWP.csproj", "{6F6DF6FD-9339-4BC4-A963-04B542FEE6B2}"
EndProject
Project("{FAE04EC0-301F-11D3-BF4B-00C04F79EFBC}") = "ListViewNoBinding.Windows", "ListViewNoBinding\ListViewNoBinding.Windows\ListViewNoBinding.Windows.csproj", "{D8E446AE-D314-48B6-A5D9-FFD6CCB9D64A}"
EndProject
Project("{FAE04EC0-301F-11D3-BF4B-00C04F79EFBC}") = "ListViewNoBinding", "ListViewNoBinding\ListViewNoBinding\ListViewNoBinding.csproj", "{304FDE1B-3478-4E1C-AACE-D62973EF76AD}"
EndProject
Global
	GlobalSection(SolutionConfigurationPlatforms) = preSolution
		Ad-Hoc|Any CPU = Ad-Hoc|Any CPU
		Ad-Hoc|ARM = Ad-Hoc|ARM
		Ad-Hoc|iPhone = Ad-Hoc|iPhone
		Ad-Hoc|iPhoneSimulator = Ad-Hoc|iPhoneSimulator
		Ad-Hoc|x64 = Ad-Hoc|x64
		Ad-Hoc|x86 = Ad-Hoc|x86
		AppStore|Any CPU = AppStore|Any CPU
		AppStore|ARM = AppStore|ARM
		AppStore|iPhone = AppStore|iPhone
		AppStore|iPhoneSimulator = AppStore|iPhoneSimulator
		AppStore|x64 = AppStore|x64
		AppStore|x86 = AppStore|x86
		Debug|Any CPU = Debug|Any CPU
		Debug|ARM = Debug|ARM
		Debug|iPhone = Debug|iPhone
		Debug|iPhoneSimulator = Debug|iPhoneSimulator
		Debug|x64 = Debug|x64
		Debug|x86 = Debug|x86
		Release|Any CPU = Release|Any CPU
		Release|ARM = Release|ARM
		Release|iPhone = Release|iPhone
		Release|iPhoneSimulator = Release|iPhoneSimulator
		Release|x64 = Release|x64
		Release|x86 = Release|x86
	EndGlobalSection
	GlobalSection(ProjectConfigurationPlatforms) = postSolution
		{FD67E239-6BEC-49CF-B3BB-1D5DAA2142CB}.Ad-Hoc|Any CPU.ActiveCfg = Release|Any CPU
		{FD67E239-6BEC-49CF-B3BB-1D5DAA2142CB}.Ad-Hoc|Any CPU.Build.0 = Release|Any CPU
		{FD67E239-6BEC-49CF-B3BB-1D5DAA2142CB}.Ad-Hoc|Any CPU.Deploy.0 = Release|Any CPU
		{FD67E239-6BEC-49CF-B3BB-1D5DAA2142CB}.Ad-Hoc|ARM.ActiveCfg = Release|Any CPU
		{FD67E239-6BEC-49CF-B3BB-1D5DAA2142CB}.Ad-Hoc|ARM.Build.0 = Release|Any CPU
		{FD67E239-6BEC-49CF-B3BB-1D5DAA2142CB}.Ad-Hoc|ARM.Deploy.0 = Release|Any CPU
		{FD67E239-6BEC-49CF-B3BB-1D5DAA2142CB}.Ad-Hoc|iPhone.ActiveCfg = Release|Any CPU
		{FD67E239-6BEC-49CF-B3BB-1D5DAA2142CB}.Ad-Hoc|iPhone.Build.0 = Release|Any CPU
		{FD67E239-6BEC-49CF-B3BB-1D5DAA2142CB}.Ad-Hoc|iPhone.Deploy.0 = Release|Any CPU
		{FD67E239-6BEC-49CF-B3BB-1D5DAA2142CB}.Ad-Hoc|iPhoneSimulator.ActiveCfg = Release|Any CPU
		{FD67E239-6BEC-49CF-B3BB-1D5DAA2142CB}.Ad-Hoc|iPhoneSimulator.Build.0 = Release|Any CPU
		{FD67E239-6BEC-49CF-B3BB-1D5DAA2142CB}.Ad-Hoc|iPhoneSimulator.Deploy.0 = Release|Any CPU
		{FD67E239-6BEC-49CF-B3BB-1D5DAA2142CB}.Ad-Hoc|x64.ActiveCfg = Release|Any CPU
		{FD67E239-6BEC-49CF-B3BB-1D5DAA2142CB}.Ad-Hoc|x64.Build.0 = Release|Any CPU
		{FD67E239-6BEC-49CF-B3BB-1D5DAA2142CB}.Ad-Hoc|x64.Deploy.0 = Release|Any CPU
		{FD67E239-6BEC-49CF-B3BB-1D5DAA2142CB}.Ad-Hoc|x86.ActiveCfg = Release|Any CPU
		{FD67E239-6BEC-49CF-B3BB-1D5DAA2142CB}.Ad-Hoc|x86.Build.0 = Release|Any CPU
		{FD67E239-6BEC-49CF-B3BB-1D5DAA2142CB}.Ad-Hoc|x86.Deploy.0 = Release|Any CPU
		{FD67E239-6BEC-49CF-B3BB-1D5DAA2142CB}.AppStore|Any CPU.ActiveCfg = Release|Any CPU
		{FD67E239-6BEC-49CF-B3BB-1D5DAA2142CB}.AppStore|Any CPU.Build.0 = Release|Any CPU
		{FD67E239-6BEC-49CF-B3BB-1D5DAA2142CB}.AppStore|Any CPU.Deploy.0 = Release|Any CPU
		{FD67E239-6BEC-49CF-B3BB-1D5DAA2142CB}.AppStore|ARM.ActiveCfg = Release|Any CPU
		{FD67E239-6BEC-49CF-B3BB-1D5DAA2142CB}.AppStore|ARM.Build.0 = Release|Any CPU
		{FD67E239-6BEC-49CF-B3BB-1D5DAA2142CB}.AppStore|ARM.Deploy.0 = Release|Any CPU
		{FD67E239-6BEC-49CF-B3BB-1D5DAA2142CB}.AppStore|iPhone.ActiveCfg = Release|Any CPU
		{FD67E239-6BEC-49CF-B3BB-1D5DAA2142CB}.AppStore|iPhone.Build.0 = Release|Any CPU
		{FD67E239-6BEC-49CF-B3BB-1D5DAA2142CB}.AppStore|iPhone.Deploy.0 = Release|Any CPU
		{FD67E239-6BEC-49CF-B3BB-1D5DAA2142CB}.AppStore|iPhoneSimulator.ActiveCfg = Release|Any CPU
		{FD67E239-6BEC-49CF-B3BB-1D5DAA2142CB}.AppStore|iPhoneSimulator.Build.0 = Release|Any CPU
		{FD67E239-6BEC-49CF-B3BB-1D5DAA2142CB}.AppStore|iPhoneSimulator.Deploy.0 = Release|Any CPU
		{FD67E239-6BEC-49CF-B3BB-1D5DAA2142CB}.AppStore|x64.ActiveCfg = Release|Any CPU
		{FD67E239-6BEC-49CF-B3BB-1D5DAA2142CB}.AppStore|x64.Build.0 = Release|Any CPU
		{FD67E239-6BEC-49CF-B3BB-1D5DAA2142CB}.AppStore|x64.Deploy.0 = Release|Any CPU
		{FD67E239-6BEC-49CF-B3BB-1D5DAA2142CB}.AppStore|x86.ActiveCfg = Release|Any CPU
		{FD67E239-6BEC-49CF-B3BB-1D5DAA2142CB}.AppStore|x86.Build.0 = Release|Any CPU
		{FD67E239-6BEC-49CF-B3BB-1D5DAA2142CB}.AppStore|x86.Deploy.0 = Release|Any CPU
		{FD67E239-6BEC-49CF-B3BB-1D5DAA2142CB}.Debug|Any CPU.ActiveCfg = Debug|Any CPU
		{FD67E239-6BEC-49CF-B3BB-1D5DAA2142CB}.Debug|Any CPU.Build.0 = Debug|Any CPU
		{FD67E239-6BEC-49CF-B3BB-1D5DAA2142CB}.Debug|Any CPU.Deploy.0 = Debug|Any CPU
		{FD67E239-6BEC-49CF-B3BB-1D5DAA2142CB}.Debug|ARM.ActiveCfg = Debug|Any CPU
		{FD67E239-6BEC-49CF-B3BB-1D5DAA2142CB}.Debug|ARM.Build.0 = Debug|Any CPU
		{FD67E239-6BEC-49CF-B3BB-1D5DAA2142CB}.Debug|ARM.Deploy.0 = Debug|Any CPU
		{FD67E239-6BEC-49CF-B3BB-1D5DAA2142CB}.Debug|iPhone.ActiveCfg = Debug|Any CPU
		{FD67E239-6BEC-49CF-B3BB-1D5DAA2142CB}.Debug|iPhone.Build.0 = Debug|Any CPU
		{FD67E239-6BEC-49CF-B3BB-1D5DAA2142CB}.Debug|iPhone.Deploy.0 = Debug|Any CPU
		{FD67E239-6BEC-49CF-B3BB-1D5DAA2142CB}.Debug|iPhoneSimulator.ActiveCfg = Debug|Any CPU
		{FD67E239-6BEC-49CF-B3BB-1D5DAA2142CB}.Debug|iPhoneSimulator.Build.0 = Debug|Any CPU
		{FD67E239-6BEC-49CF-B3BB-1D5DAA2142CB}.Debug|iPhoneSimulator.Deploy.0 = Debug|Any CPU
		{FD67E239-6BEC-49CF-B3BB-1D5DAA2142CB}.Debug|x64.ActiveCfg = Debug|Any CPU
		{FD67E239-6BEC-49CF-B3BB-1D5DAA2142CB}.Debug|x64.Build.0 = Debug|Any CPU
		{FD67E239-6BEC-49CF-B3BB-1D5DAA2142CB}.Debug|x64.Deploy.0 = Debug|Any CPU
		{FD67E239-6BEC-49CF-B3BB-1D5DAA2142CB}.Debug|x86.ActiveCfg = Debug|Any CPU
		{FD67E239-6BEC-49CF-B3BB-1D5DAA2142CB}.Debug|x86.Build.0 = Debug|Any CPU
		{FD67E239-6BEC-49CF-B3BB-1D5DAA2142CB}.Debug|x86.Deploy.0 = Debug|Any CPU
		{FD67E239-6BEC-49CF-B3BB-1D5DAA2142CB}.Release|Any CPU.ActiveCfg = Release|Any CPU
		{FD67E239-6BEC-49CF-B3BB-1D5DAA2142CB}.Release|Any CPU.Build.0 = Release|Any CPU
		{FD67E239-6BEC-49CF-B3BB-1D5DAA2142CB}.Release|Any CPU.Deploy.0 = Release|Any CPU
		{FD67E239-6BEC-49CF-B3BB-1D5DAA2142CB}.Release|ARM.ActiveCfg = Release|Any CPU
		{FD67E239-6BEC-49CF-B3BB-1D5DAA2142CB}.Release|ARM.Build.0 = Release|Any CPU
		{FD67E239-6BEC-49CF-B3BB-1D5DAA2142CB}.Release|ARM.Deploy.0 = Release|Any CPU
		{FD67E239-6BEC-49CF-B3BB-1D5DAA2142CB}.Release|iPhone.ActiveCfg = Release|Any CPU
		{FD67E239-6BEC-49CF-B3BB-1D5DAA2142CB}.Release|iPhone.Build.0 = Release|Any CPU
		{FD67E239-6BEC-49CF-B3BB-1D5DAA2142CB}.Release|iPhone.Deploy.0 = Release|Any CPU
		{FD67E239-6BEC-49CF-B3BB-1D5DAA2142CB}.Release|iPhoneSimulator.ActiveCfg = Release|Any CPU
		{FD67E239-6BEC-49CF-B3BB-1D5DAA2142CB}.Release|iPhoneSimulator.Build.0 = Release|Any CPU
		{FD67E239-6BEC-49CF-B3BB-1D5DAA2142CB}.Release|iPhoneSimulator.Deploy.0 = Release|Any CPU
		{FD67E239-6BEC-49CF-B3BB-1D5DAA2142CB}.Release|x64.ActiveCfg = Release|Any CPU
		{FD67E239-6BEC-49CF-B3BB-1D5DAA2142CB}.Release|x64.Build.0 = Release|Any CPU
		{FD67E239-6BEC-49CF-B3BB-1D5DAA2142CB}.Release|x64.Deploy.0 = Release|Any CPU
		{FD67E239-6BEC-49CF-B3BB-1D5DAA2142CB}.Release|x86.ActiveCfg = Release|Any CPU
		{FD67E239-6BEC-49CF-B3BB-1D5DAA2142CB}.Release|x86.Build.0 = Release|Any CPU
		{FD67E239-6BEC-49CF-B3BB-1D5DAA2142CB}.Release|x86.Deploy.0 = Release|Any CPU
		{E033A586-3AE0-4A67-A299-79ECF2285D9D}.Ad-Hoc|Any CPU.ActiveCfg = Ad-Hoc|iPhone
		{E033A586-3AE0-4A67-A299-79ECF2285D9D}.Ad-Hoc|ARM.ActiveCfg = Ad-Hoc|iPhone
		{E033A586-3AE0-4A67-A299-79ECF2285D9D}.Ad-Hoc|iPhone.ActiveCfg = Ad-Hoc|iPhone
		{E033A586-3AE0-4A67-A299-79ECF2285D9D}.Ad-Hoc|iPhone.Build.0 = Ad-Hoc|iPhone
		{E033A586-3AE0-4A67-A299-79ECF2285D9D}.Ad-Hoc|iPhoneSimulator.ActiveCfg = Ad-Hoc|iPhoneSimulator
		{E033A586-3AE0-4A67-A299-79ECF2285D9D}.Ad-Hoc|iPhoneSimulator.Build.0 = Ad-Hoc|iPhoneSimulator
		{E033A586-3AE0-4A67-A299-79ECF2285D9D}.Ad-Hoc|x64.ActiveCfg = Ad-Hoc|iPhone
		{E033A586-3AE0-4A67-A299-79ECF2285D9D}.Ad-Hoc|x86.ActiveCfg = Ad-Hoc|iPhone
		{E033A586-3AE0-4A67-A299-79ECF2285D9D}.AppStore|Any CPU.ActiveCfg = AppStore|iPhone
		{E033A586-3AE0-4A67-A299-79ECF2285D9D}.AppStore|ARM.ActiveCfg = AppStore|iPhone
		{E033A586-3AE0-4A67-A299-79ECF2285D9D}.AppStore|iPhone.ActiveCfg = AppStore|iPhone
		{E033A586-3AE0-4A67-A299-79ECF2285D9D}.AppStore|iPhone.Build.0 = AppStore|iPhone
		{E033A586-3AE0-4A67-A299-79ECF2285D9D}.AppStore|iPhoneSimulator.ActiveCfg = AppStore|iPhoneSimulator
		{E033A586-3AE0-4A67-A299-79ECF2285D9D}.AppStore|iPhoneSimulator.Build.0 = AppStore|iPhoneSimulator
		{E033A586-3AE0-4A67-A299-79ECF2285D9D}.AppStore|x64.ActiveCfg = AppStore|iPhone
		{E033A586-3AE0-4A67-A299-79ECF2285D9D}.AppStore|x86.ActiveCfg = AppStore|iPhone
		{E033A586-3AE0-4A67-A299-79ECF2285D9D}.Debug|Any CPU.ActiveCfg = Debug|iPhone
		{E033A586-3AE0-4A67-A299-79ECF2285D9D}.Debug|ARM.ActiveCfg = Debug|iPhone
		{E033A586-3AE0-4A67-A299-79ECF2285D9D}.Debug|iPhone.ActiveCfg = Debug|iPhone
		{E033A586-3AE0-4A67-A299-79ECF2285D9D}.Debug|iPhone.Build.0 = Debug|iPhone
		{E033A586-3AE0-4A67-A299-79ECF2285D9D}.Debug|iPhoneSimulator.ActiveCfg = Debug|iPhoneSimulator
		{E033A586-3AE0-4A67-A299-79ECF2285D9D}.Debug|iPhoneSimulator.Build.0 = Debug|iPhoneSimulator
		{E033A586-3AE0-4A67-A299-79ECF2285D9D}.Debug|x64.ActiveCfg = Debug|iPhone
		{E033A586-3AE0-4A67-A299-79ECF2285D9D}.Debug|x86.ActiveCfg = Debug|iPhone
		{E033A586-3AE0-4A67-A299-79ECF2285D9D}.Release|Any CPU.ActiveCfg = Release|iPhone
		{E033A586-3AE0-4A67-A299-79ECF2285D9D}.Release|ARM.ActiveCfg = Release|iPhone
		{E033A586-3AE0-4A67-A299-79ECF2285D9D}.Release|iPhone.ActiveCfg = Release|iPhone
		{E033A586-3AE0-4A67-A299-79ECF2285D9D}.Release|iPhone.Build.0 = Release|iPhone
		{E033A586-3AE0-4A67-A299-79ECF2285D9D}.Release|iPhoneSimulator.ActiveCfg = Release|iPhoneSimulator
		{E033A586-3AE0-4A67-A299-79ECF2285D9D}.Release|iPhoneSimulator.Build.0 = Release|iPhoneSimulator
		{E033A586-3AE0-4A67-A299-79ECF2285D9D}.Release|x64.ActiveCfg = Release|iPhone
		{E033A586-3AE0-4A67-A299-79ECF2285D9D}.Release|x86.ActiveCfg = Release|iPhone
		{3120DD09-7EA8-4E9A-BE2D-D6A89057C94C}.Ad-Hoc|Any CPU.ActiveCfg = Release|Any CPU
		{3120DD09-7EA8-4E9A-BE2D-D6A89057C94C}.Ad-Hoc|Any CPU.Build.0 = Release|Any CPU
		{3120DD09-7EA8-4E9A-BE2D-D6A89057C94C}.Ad-Hoc|Any CPU.Deploy.0 = Release|Any CPU
		{3120DD09-7EA8-4E9A-BE2D-D6A89057C94C}.Ad-Hoc|ARM.ActiveCfg = Release|ARM
		{3120DD09-7EA8-4E9A-BE2D-D6A89057C94C}.Ad-Hoc|ARM.Build.0 = Release|ARM
		{3120DD09-7EA8-4E9A-BE2D-D6A89057C94C}.Ad-Hoc|ARM.Deploy.0 = Release|ARM
		{3120DD09-7EA8-4E9A-BE2D-D6A89057C94C}.Ad-Hoc|iPhone.ActiveCfg = Release|Any CPU
		{3120DD09-7EA8-4E9A-BE2D-D6A89057C94C}.Ad-Hoc|iPhone.Build.0 = Release|Any CPU
		{3120DD09-7EA8-4E9A-BE2D-D6A89057C94C}.Ad-Hoc|iPhone.Deploy.0 = Release|Any CPU
		{3120DD09-7EA8-4E9A-BE2D-D6A89057C94C}.Ad-Hoc|iPhoneSimulator.ActiveCfg = Release|Any CPU
		{3120DD09-7EA8-4E9A-BE2D-D6A89057C94C}.Ad-Hoc|iPhoneSimulator.Build.0 = Release|Any CPU
		{3120DD09-7EA8-4E9A-BE2D-D6A89057C94C}.Ad-Hoc|iPhoneSimulator.Deploy.0 = Release|Any CPU
		{3120DD09-7EA8-4E9A-BE2D-D6A89057C94C}.Ad-Hoc|x64.ActiveCfg = Release|Any CPU
		{3120DD09-7EA8-4E9A-BE2D-D6A89057C94C}.Ad-Hoc|x64.Build.0 = Release|Any CPU
		{3120DD09-7EA8-4E9A-BE2D-D6A89057C94C}.Ad-Hoc|x64.Deploy.0 = Release|Any CPU
		{3120DD09-7EA8-4E9A-BE2D-D6A89057C94C}.Ad-Hoc|x86.ActiveCfg = Release|x86
		{3120DD09-7EA8-4E9A-BE2D-D6A89057C94C}.Ad-Hoc|x86.Build.0 = Release|x86
		{3120DD09-7EA8-4E9A-BE2D-D6A89057C94C}.Ad-Hoc|x86.Deploy.0 = Release|x86
		{3120DD09-7EA8-4E9A-BE2D-D6A89057C94C}.AppStore|Any CPU.ActiveCfg = Release|Any CPU
		{3120DD09-7EA8-4E9A-BE2D-D6A89057C94C}.AppStore|Any CPU.Build.0 = Release|Any CPU
		{3120DD09-7EA8-4E9A-BE2D-D6A89057C94C}.AppStore|Any CPU.Deploy.0 = Release|Any CPU
		{3120DD09-7EA8-4E9A-BE2D-D6A89057C94C}.AppStore|ARM.ActiveCfg = Release|ARM
		{3120DD09-7EA8-4E9A-BE2D-D6A89057C94C}.AppStore|ARM.Build.0 = Release|ARM
		{3120DD09-7EA8-4E9A-BE2D-D6A89057C94C}.AppStore|ARM.Deploy.0 = Release|ARM
		{3120DD09-7EA8-4E9A-BE2D-D6A89057C94C}.AppStore|iPhone.ActiveCfg = Release|Any CPU
		{3120DD09-7EA8-4E9A-BE2D-D6A89057C94C}.AppStore|iPhone.Build.0 = Release|Any CPU
		{3120DD09-7EA8-4E9A-BE2D-D6A89057C94C}.AppStore|iPhone.Deploy.0 = Release|Any CPU
		{3120DD09-7EA8-4E9A-BE2D-D6A89057C94C}.AppStore|iPhoneSimulator.ActiveCfg = Release|Any CPU
		{3120DD09-7EA8-4E9A-BE2D-D6A89057C94C}.AppStore|iPhoneSimulator.Build.0 = Release|Any CPU
		{3120DD09-7EA8-4E9A-BE2D-D6A89057C94C}.AppStore|iPhoneSimulator.Deploy.0 = Release|Any CPU
		{3120DD09-7EA8-4E9A-BE2D-D6A89057C94C}.AppStore|x64.ActiveCfg = Release|Any CPU
		{3120DD09-7EA8-4E9A-BE2D-D6A89057C94C}.AppStore|x64.Build.0 = Release|Any CPU
		{3120DD09-7EA8-4E9A-BE2D-D6A89057C94C}.AppStore|x64.Deploy.0 = Release|Any CPU
		{3120DD09-7EA8-4E9A-BE2D-D6A89057C94C}.AppStore|x86.ActiveCfg = Release|x86
		{3120DD09-7EA8-4E9A-BE2D-D6A89057C94C}.AppStore|x86.Build.0 = Release|x86
		{3120DD09-7EA8-4E9A-BE2D-D6A89057C94C}.AppStore|x86.Deploy.0 = Release|x86
		{3120DD09-7EA8-4E9A-BE2D-D6A89057C94C}.Debug|Any CPU.ActiveCfg = Debug|Any CPU
		{3120DD09-7EA8-4E9A-BE2D-D6A89057C94C}.Debug|Any CPU.Build.0 = Debug|Any CPU
		{3120DD09-7EA8-4E9A-BE2D-D6A89057C94C}.Debug|Any CPU.Deploy.0 = Debug|Any CPU
		{3120DD09-7EA8-4E9A-BE2D-D6A89057C94C}.Debug|ARM.ActiveCfg = Debug|ARM
		{3120DD09-7EA8-4E9A-BE2D-D6A89057C94C}.Debug|ARM.Build.0 = Debug|ARM
		{3120DD09-7EA8-4E9A-BE2D-D6A89057C94C}.Debug|ARM.Deploy.0 = Debug|ARM
		{3120DD09-7EA8-4E9A-BE2D-D6A89057C94C}.Debug|iPhone.ActiveCfg = Debug|Any CPU
		{3120DD09-7EA8-4E9A-BE2D-D6A89057C94C}.Debug|iPhone.Build.0 = Debug|Any CPU
		{3120DD09-7EA8-4E9A-BE2D-D6A89057C94C}.Debug|iPhone.Deploy.0 = Debug|Any CPU
		{3120DD09-7EA8-4E9A-BE2D-D6A89057C94C}.Debug|iPhoneSimulator.ActiveCfg = Debug|Any CPU
		{3120DD09-7EA8-4E9A-BE2D-D6A89057C94C}.Debug|iPhoneSimulator.Build.0 = Debug|Any CPU
		{3120DD09-7EA8-4E9A-BE2D-D6A89057C94C}.Debug|iPhoneSimulator.Deploy.0 = Debug|Any CPU
		{3120DD09-7EA8-4E9A-BE2D-D6A89057C94C}.Debug|x64.ActiveCfg = Debug|Any CPU
		{3120DD09-7EA8-4E9A-BE2D-D6A89057C94C}.Debug|x64.Build.0 = Debug|Any CPU
		{3120DD09-7EA8-4E9A-BE2D-D6A89057C94C}.Debug|x64.Deploy.0 = Debug|Any CPU
		{3120DD09-7EA8-4E9A-BE2D-D6A89057C94C}.Debug|x86.ActiveCfg = Debug|x86
		{3120DD09-7EA8-4E9A-BE2D-D6A89057C94C}.Debug|x86.Build.0 = Debug|x86
		{3120DD09-7EA8-4E9A-BE2D-D6A89057C94C}.Debug|x86.Deploy.0 = Debug|x86
		{3120DD09-7EA8-4E9A-BE2D-D6A89057C94C}.Release|Any CPU.ActiveCfg = Release|Any CPU
		{3120DD09-7EA8-4E9A-BE2D-D6A89057C94C}.Release|Any CPU.Build.0 = Release|Any CPU
		{3120DD09-7EA8-4E9A-BE2D-D6A89057C94C}.Release|Any CPU.Deploy.0 = Release|Any CPU
		{3120DD09-7EA8-4E9A-BE2D-D6A89057C94C}.Release|ARM.ActiveCfg = Release|ARM
		{3120DD09-7EA8-4E9A-BE2D-D6A89057C94C}.Release|ARM.Build.0 = Release|ARM
		{3120DD09-7EA8-4E9A-BE2D-D6A89057C94C}.Release|ARM.Deploy.0 = Release|ARM
		{3120DD09-7EA8-4E9A-BE2D-D6A89057C94C}.Release|iPhone.ActiveCfg = Release|Any CPU
		{3120DD09-7EA8-4E9A-BE2D-D6A89057C94C}.Release|iPhone.Build.0 = Release|Any CPU
		{3120DD09-7EA8-4E9A-BE2D-D6A89057C94C}.Release|iPhone.Deploy.0 = Release|Any CPU
		{3120DD09-7EA8-4E9A-BE2D-D6A89057C94C}.Release|iPhoneSimulator.ActiveCfg = Release|Any CPU
		{3120DD09-7EA8-4E9A-BE2D-D6A89057C94C}.Release|iPhoneSimulator.Build.0 = Release|Any CPU
		{3120DD09-7EA8-4E9A-BE2D-D6A89057C94C}.Release|iPhoneSimulator.Deploy.0 = Release|Any CPU
		{3120DD09-7EA8-4E9A-BE2D-D6A89057C94C}.Release|x64.ActiveCfg = Release|Any CPU
		{3120DD09-7EA8-4E9A-BE2D-D6A89057C94C}.Release|x64.Build.0 = Release|Any CPU
		{3120DD09-7EA8-4E9A-BE2D-D6A89057C94C}.Release|x64.Deploy.0 = Release|Any CPU
		{3120DD09-7EA8-4E9A-BE2D-D6A89057C94C}.Release|x86.ActiveCfg = Release|x86
		{3120DD09-7EA8-4E9A-BE2D-D6A89057C94C}.Release|x86.Build.0 = Release|x86
		{3120DD09-7EA8-4E9A-BE2D-D6A89057C94C}.Release|x86.Deploy.0 = Release|x86
		{6F6DF6FD-9339-4BC4-A963-04B542FEE6B2}.Ad-Hoc|Any CPU.ActiveCfg = Release|x86
		{6F6DF6FD-9339-4BC4-A963-04B542FEE6B2}.Ad-Hoc|Any CPU.Build.0 = Release|x86
		{6F6DF6FD-9339-4BC4-A963-04B542FEE6B2}.Ad-Hoc|Any CPU.Deploy.0 = Release|x86
		{6F6DF6FD-9339-4BC4-A963-04B542FEE6B2}.Ad-Hoc|ARM.ActiveCfg = Release|ARM
		{6F6DF6FD-9339-4BC4-A963-04B542FEE6B2}.Ad-Hoc|ARM.Build.0 = Release|ARM
		{6F6DF6FD-9339-4BC4-A963-04B542FEE6B2}.Ad-Hoc|ARM.Deploy.0 = Release|ARM
		{6F6DF6FD-9339-4BC4-A963-04B542FEE6B2}.Ad-Hoc|iPhone.ActiveCfg = Release|x86
		{6F6DF6FD-9339-4BC4-A963-04B542FEE6B2}.Ad-Hoc|iPhone.Build.0 = Release|x86
		{6F6DF6FD-9339-4BC4-A963-04B542FEE6B2}.Ad-Hoc|iPhone.Deploy.0 = Release|x86
		{6F6DF6FD-9339-4BC4-A963-04B542FEE6B2}.Ad-Hoc|iPhoneSimulator.ActiveCfg = Release|x86
		{6F6DF6FD-9339-4BC4-A963-04B542FEE6B2}.Ad-Hoc|iPhoneSimulator.Build.0 = Release|x86
		{6F6DF6FD-9339-4BC4-A963-04B542FEE6B2}.Ad-Hoc|iPhoneSimulator.Deploy.0 = Release|x86
		{6F6DF6FD-9339-4BC4-A963-04B542FEE6B2}.Ad-Hoc|x64.ActiveCfg = Release|x64
		{6F6DF6FD-9339-4BC4-A963-04B542FEE6B2}.Ad-Hoc|x64.Build.0 = Release|x64
		{6F6DF6FD-9339-4BC4-A963-04B542FEE6B2}.Ad-Hoc|x64.Deploy.0 = Release|x64
		{6F6DF6FD-9339-4BC4-A963-04B542FEE6B2}.Ad-Hoc|x86.ActiveCfg = Release|x86
		{6F6DF6FD-9339-4BC4-A963-04B542FEE6B2}.Ad-Hoc|x86.Build.0 = Release|x86
		{6F6DF6FD-9339-4BC4-A963-04B542FEE6B2}.Ad-Hoc|x86.Deploy.0 = Release|x86
		{6F6DF6FD-9339-4BC4-A963-04B542FEE6B2}.AppStore|Any CPU.ActiveCfg = Release|x86
		{6F6DF6FD-9339-4BC4-A963-04B542FEE6B2}.AppStore|Any CPU.Build.0 = Release|x86
		{6F6DF6FD-9339-4BC4-A963-04B542FEE6B2}.AppStore|Any CPU.Deploy.0 = Release|x86
		{6F6DF6FD-9339-4BC4-A963-04B542FEE6B2}.AppStore|ARM.ActiveCfg = Release|ARM
		{6F6DF6FD-9339-4BC4-A963-04B542FEE6B2}.AppStore|ARM.Build.0 = Release|ARM
		{6F6DF6FD-9339-4BC4-A963-04B542FEE6B2}.AppStore|ARM.Deploy.0 = Release|ARM
		{6F6DF6FD-9339-4BC4-A963-04B542FEE6B2}.AppStore|iPhone.ActiveCfg = Release|x86
		{6F6DF6FD-9339-4BC4-A963-04B542FEE6B2}.AppStore|iPhone.Build.0 = Release|x86
		{6F6DF6FD-9339-4BC4-A963-04B542FEE6B2}.AppStore|iPhone.Deploy.0 = Release|x86
		{6F6DF6FD-9339-4BC4-A963-04B542FEE6B2}.AppStore|iPhoneSimulator.ActiveCfg = Release|x86
		{6F6DF6FD-9339-4BC4-A963-04B542FEE6B2}.AppStore|iPhoneSimulator.Build.0 = Release|x86
		{6F6DF6FD-9339-4BC4-A963-04B542FEE6B2}.AppStore|iPhoneSimulator.Deploy.0 = Release|x86
		{6F6DF6FD-9339-4BC4-A963-04B542FEE6B2}.AppStore|x64.ActiveCfg = Release|x64
		{6F6DF6FD-9339-4BC4-A963-04B542FEE6B2}.AppStore|x64.Build.0 = Release|x64
		{6F6DF6FD-9339-4BC4-A963-04B542FEE6B2}.AppStore|x64.Deploy.0 = Release|x64
		{6F6DF6FD-9339-4BC4-A963-04B542FEE6B2}.AppStore|x86.ActiveCfg = Release|x86
		{6F6DF6FD-9339-4BC4-A963-04B542FEE6B2}.AppStore|x86.Build.0 = Release|x86
		{6F6DF6FD-9339-4BC4-A963-04B542FEE6B2}.AppStore|x86.Deploy.0 = Release|x86
		{6F6DF6FD-9339-4BC4-A963-04B542FEE6B2}.Debug|Any CPU.ActiveCfg = Debug|x86
		{6F6DF6FD-9339-4BC4-A963-04B542FEE6B2}.Debug|ARM.ActiveCfg = Debug|ARM
		{6F6DF6FD-9339-4BC4-A963-04B542FEE6B2}.Debug|ARM.Build.0 = Debug|ARM
		{6F6DF6FD-9339-4BC4-A963-04B542FEE6B2}.Debug|ARM.Deploy.0 = Debug|ARM
		{6F6DF6FD-9339-4BC4-A963-04B542FEE6B2}.Debug|iPhone.ActiveCfg = Debug|x86
		{6F6DF6FD-9339-4BC4-A963-04B542FEE6B2}.Debug|iPhoneSimulator.ActiveCfg = Debug|x86
		{6F6DF6FD-9339-4BC4-A963-04B542FEE6B2}.Debug|x64.ActiveCfg = Debug|x64
		{6F6DF6FD-9339-4BC4-A963-04B542FEE6B2}.Debug|x64.Build.0 = Debug|x64
		{6F6DF6FD-9339-4BC4-A963-04B542FEE6B2}.Debug|x64.Deploy.0 = Debug|x64
		{6F6DF6FD-9339-4BC4-A963-04B542FEE6B2}.Debug|x86.ActiveCfg = Debug|x86
		{6F6DF6FD-9339-4BC4-A963-04B542FEE6B2}.Debug|x86.Build.0 = Debug|x86
		{6F6DF6FD-9339-4BC4-A963-04B542FEE6B2}.Debug|x86.Deploy.0 = Debug|x86
		{6F6DF6FD-9339-4BC4-A963-04B542FEE6B2}.Release|Any CPU.ActiveCfg = Release|x86
		{6F6DF6FD-9339-4BC4-A963-04B542FEE6B2}.Release|ARM.ActiveCfg = Release|ARM
		{6F6DF6FD-9339-4BC4-A963-04B542FEE6B2}.Release|ARM.Build.0 = Release|ARM
		{6F6DF6FD-9339-4BC4-A963-04B542FEE6B2}.Release|ARM.Deploy.0 = Release|ARM
		{6F6DF6FD-9339-4BC4-A963-04B542FEE6B2}.Release|iPhone.ActiveCfg = Release|x86
		{6F6DF6FD-9339-4BC4-A963-04B542FEE6B2}.Release|iPhoneSimulator.ActiveCfg = Release|x86
		{6F6DF6FD-9339-4BC4-A963-04B542FEE6B2}.Release|x64.ActiveCfg = Release|x64
		{6F6DF6FD-9339-4BC4-A963-04B542FEE6B2}.Release|x64.Build.0 = Release|x64
		{6F6DF6FD-9339-4BC4-A963-04B542FEE6B2}.Release|x64.Deploy.0 = Release|x64
		{6F6DF6FD-9339-4BC4-A963-04B542FEE6B2}.Release|x86.ActiveCfg = Release|x86
		{6F6DF6FD-9339-4BC4-A963-04B542FEE6B2}.Release|x86.Build.0 = Release|x86
		{6F6DF6FD-9339-4BC4-A963-04B542FEE6B2}.Release|x86.Deploy.0 = Release|x86
		{D8E446AE-D314-48B6-A5D9-FFD6CCB9D64A}.Ad-Hoc|Any CPU.ActiveCfg = Release|Any CPU
		{D8E446AE-D314-48B6-A5D9-FFD6CCB9D64A}.Ad-Hoc|Any CPU.Build.0 = Release|Any CPU
		{D8E446AE-D314-48B6-A5D9-FFD6CCB9D64A}.Ad-Hoc|Any CPU.Deploy.0 = Release|Any CPU
		{D8E446AE-D314-48B6-A5D9-FFD6CCB9D64A}.Ad-Hoc|ARM.ActiveCfg = Release|ARM
		{D8E446AE-D314-48B6-A5D9-FFD6CCB9D64A}.Ad-Hoc|ARM.Build.0 = Release|ARM
		{D8E446AE-D314-48B6-A5D9-FFD6CCB9D64A}.Ad-Hoc|ARM.Deploy.0 = Release|ARM
		{D8E446AE-D314-48B6-A5D9-FFD6CCB9D64A}.Ad-Hoc|iPhone.ActiveCfg = Release|Any CPU
		{D8E446AE-D314-48B6-A5D9-FFD6CCB9D64A}.Ad-Hoc|iPhone.Build.0 = Release|Any CPU
		{D8E446AE-D314-48B6-A5D9-FFD6CCB9D64A}.Ad-Hoc|iPhone.Deploy.0 = Release|Any CPU
		{D8E446AE-D314-48B6-A5D9-FFD6CCB9D64A}.Ad-Hoc|iPhoneSimulator.ActiveCfg = Release|Any CPU
		{D8E446AE-D314-48B6-A5D9-FFD6CCB9D64A}.Ad-Hoc|iPhoneSimulator.Build.0 = Release|Any CPU
		{D8E446AE-D314-48B6-A5D9-FFD6CCB9D64A}.Ad-Hoc|iPhoneSimulator.Deploy.0 = Release|Any CPU
		{D8E446AE-D314-48B6-A5D9-FFD6CCB9D64A}.Ad-Hoc|x64.ActiveCfg = Release|x64
		{D8E446AE-D314-48B6-A5D9-FFD6CCB9D64A}.Ad-Hoc|x64.Build.0 = Release|x64
		{D8E446AE-D314-48B6-A5D9-FFD6CCB9D64A}.Ad-Hoc|x64.Deploy.0 = Release|x64
		{D8E446AE-D314-48B6-A5D9-FFD6CCB9D64A}.Ad-Hoc|x86.ActiveCfg = Release|x86
		{D8E446AE-D314-48B6-A5D9-FFD6CCB9D64A}.Ad-Hoc|x86.Build.0 = Release|x86
		{D8E446AE-D314-48B6-A5D9-FFD6CCB9D64A}.Ad-Hoc|x86.Deploy.0 = Release|x86
		{D8E446AE-D314-48B6-A5D9-FFD6CCB9D64A}.AppStore|Any CPU.ActiveCfg = Release|Any CPU
		{D8E446AE-D314-48B6-A5D9-FFD6CCB9D64A}.AppStore|Any CPU.Build.0 = Release|Any CPU
		{D8E446AE-D314-48B6-A5D9-FFD6CCB9D64A}.AppStore|Any CPU.Deploy.0 = Release|Any CPU
		{D8E446AE-D314-48B6-A5D9-FFD6CCB9D64A}.AppStore|ARM.ActiveCfg = Release|ARM
		{D8E446AE-D314-48B6-A5D9-FFD6CCB9D64A}.AppStore|ARM.Build.0 = Release|ARM
		{D8E446AE-D314-48B6-A5D9-FFD6CCB9D64A}.AppStore|ARM.Deploy.0 = Release|ARM
		{D8E446AE-D314-48B6-A5D9-FFD6CCB9D64A}.AppStore|iPhone.ActiveCfg = Release|Any CPU
		{D8E446AE-D314-48B6-A5D9-FFD6CCB9D64A}.AppStore|iPhone.Build.0 = Release|Any CPU
		{D8E446AE-D314-48B6-A5D9-FFD6CCB9D64A}.AppStore|iPhone.Deploy.0 = Release|Any CPU
		{D8E446AE-D314-48B6-A5D9-FFD6CCB9D64A}.AppStore|iPhoneSimulator.ActiveCfg = Release|Any CPU
		{D8E446AE-D314-48B6-A5D9-FFD6CCB9D64A}.AppStore|iPhoneSimulator.Build.0 = Release|Any CPU
		{D8E446AE-D314-48B6-A5D9-FFD6CCB9D64A}.AppStore|iPhoneSimulator.Deploy.0 = Release|Any CPU
		{D8E446AE-D314-48B6-A5D9-FFD6CCB9D64A}.AppStore|x64.ActiveCfg = Release|x64
		{D8E446AE-D314-48B6-A5D9-FFD6CCB9D64A}.AppStore|x64.Build.0 = Release|x64
		{D8E446AE-D314-48B6-A5D9-FFD6CCB9D64A}.AppStore|x64.Deploy.0 = Release|x64
		{D8E446AE-D314-48B6-A5D9-FFD6CCB9D64A}.AppStore|x86.ActiveCfg = Release|x86
		{D8E446AE-D314-48B6-A5D9-FFD6CCB9D64A}.AppStore|x86.Build.0 = Release|x86
		{D8E446AE-D314-48B6-A5D9-FFD6CCB9D64A}.AppStore|x86.Deploy.0 = Release|x86
		{D8E446AE-D314-48B6-A5D9-FFD6CCB9D64A}.Debug|Any CPU.ActiveCfg = Debug|Any CPU
		{D8E446AE-D314-48B6-A5D9-FFD6CCB9D64A}.Debug|Any CPU.Build.0 = Debug|Any CPU
		{D8E446AE-D314-48B6-A5D9-FFD6CCB9D64A}.Debug|Any CPU.Deploy.0 = Debug|Any CPU
		{D8E446AE-D314-48B6-A5D9-FFD6CCB9D64A}.Debug|ARM.ActiveCfg = Debug|ARM
		{D8E446AE-D314-48B6-A5D9-FFD6CCB9D64A}.Debug|ARM.Build.0 = Debug|ARM
		{D8E446AE-D314-48B6-A5D9-FFD6CCB9D64A}.Debug|ARM.Deploy.0 = Debug|ARM
		{D8E446AE-D314-48B6-A5D9-FFD6CCB9D64A}.Debug|iPhone.ActiveCfg = Debug|Any CPU
		{D8E446AE-D314-48B6-A5D9-FFD6CCB9D64A}.Debug|iPhone.Build.0 = Debug|Any CPU
		{D8E446AE-D314-48B6-A5D9-FFD6CCB9D64A}.Debug|iPhone.Deploy.0 = Debug|Any CPU
		{D8E446AE-D314-48B6-A5D9-FFD6CCB9D64A}.Debug|iPhoneSimulator.ActiveCfg = Debug|Any CPU
		{D8E446AE-D314-48B6-A5D9-FFD6CCB9D64A}.Debug|iPhoneSimulator.Build.0 = Debug|Any CPU
		{D8E446AE-D314-48B6-A5D9-FFD6CCB9D64A}.Debug|iPhoneSimulator.Deploy.0 = Debug|Any CPU
		{D8E446AE-D314-48B6-A5D9-FFD6CCB9D64A}.Debug|x64.ActiveCfg = Debug|x64
		{D8E446AE-D314-48B6-A5D9-FFD6CCB9D64A}.Debug|x64.Build.0 = Debug|x64
		{D8E446AE-D314-48B6-A5D9-FFD6CCB9D64A}.Debug|x64.Deploy.0 = Debug|x64
		{D8E446AE-D314-48B6-A5D9-FFD6CCB9D64A}.Debug|x86.ActiveCfg = Debug|x86
		{D8E446AE-D314-48B6-A5D9-FFD6CCB9D64A}.Debug|x86.Build.0 = Debug|x86
		{D8E446AE-D314-48B6-A5D9-FFD6CCB9D64A}.Debug|x86.Deploy.0 = Debug|x86
		{D8E446AE-D314-48B6-A5D9-FFD6CCB9D64A}.Release|Any CPU.ActiveCfg = Release|Any CPU
		{D8E446AE-D314-48B6-A5D9-FFD6CCB9D64A}.Release|Any CPU.Build.0 = Release|Any CPU
		{D8E446AE-D314-48B6-A5D9-FFD6CCB9D64A}.Release|Any CPU.Deploy.0 = Release|Any CPU
		{D8E446AE-D314-48B6-A5D9-FFD6CCB9D64A}.Release|ARM.ActiveCfg = Release|ARM
		{D8E446AE-D314-48B6-A5D9-FFD6CCB9D64A}.Release|ARM.Build.0 = Release|ARM
		{D8E446AE-D314-48B6-A5D9-FFD6CCB9D64A}.Release|ARM.Deploy.0 = Release|ARM
		{D8E446AE-D314-48B6-A5D9-FFD6CCB9D64A}.Release|iPhone.ActiveCfg = Release|Any CPU
		{D8E446AE-D314-48B6-A5D9-FFD6CCB9D64A}.Release|iPhone.Build.0 = Release|Any CPU
		{D8E446AE-D314-48B6-A5D9-FFD6CCB9D64A}.Release|iPhone.Deploy.0 = Release|Any CPU
		{D8E446AE-D314-48B6-A5D9-FFD6CCB9D64A}.Release|iPhoneSimulator.ActiveCfg = Release|Any CPU
		{D8E446AE-D314-48B6-A5D9-FFD6CCB9D64A}.Release|iPhoneSimulator.Build.0 = Release|Any CPU
		{D8E446AE-D314-48B6-A5D9-FFD6CCB9D64A}.Release|iPhoneSimulator.Deploy.0 = Release|Any CPU
		{D8E446AE-D314-48B6-A5D9-FFD6CCB9D64A}.Release|x64.ActiveCfg = Release|x64
		{D8E446AE-D314-48B6-A5D9-FFD6CCB9D64A}.Release|x64.Build.0 = Release|x64
		{D8E446AE-D314-48B6-A5D9-FFD6CCB9D64A}.Release|x64.Deploy.0 = Release|x64
		{D8E446AE-D314-48B6-A5D9-FFD6CCB9D64A}.Release|x86.ActiveCfg = Release|x86
		{D8E446AE-D314-48B6-A5D9-FFD6CCB9D64A}.Release|x86.Build.0 = Release|x86
		{D8E446AE-D314-48B6-A5D9-FFD6CCB9D64A}.Release|x86.Deploy.0 = Release|x86
		{304FDE1B-3478-4E1C-AACE-D62973EF76AD}.Ad-Hoc|Any CPU.ActiveCfg = Release|Any CPU
		{304FDE1B-3478-4E1C-AACE-D62973EF76AD}.Ad-Hoc|Any CPU.Build.0 = Release|Any CPU
		{304FDE1B-3478-4E1C-AACE-D62973EF76AD}.Ad-Hoc|ARM.ActiveCfg = Release|Any CPU
		{304FDE1B-3478-4E1C-AACE-D62973EF76AD}.Ad-Hoc|ARM.Build.0 = Release|Any CPU
		{304FDE1B-3478-4E1C-AACE-D62973EF76AD}.Ad-Hoc|iPhone.ActiveCfg = Release|Any CPU
		{304FDE1B-3478-4E1C-AACE-D62973EF76AD}.Ad-Hoc|iPhone.Build.0 = Release|Any CPU
		{304FDE1B-3478-4E1C-AACE-D62973EF76AD}.Ad-Hoc|iPhoneSimulator.ActiveCfg = Release|Any CPU
		{304FDE1B-3478-4E1C-AACE-D62973EF76AD}.Ad-Hoc|iPhoneSimulator.Build.0 = Release|Any CPU
		{304FDE1B-3478-4E1C-AACE-D62973EF76AD}.Ad-Hoc|x64.ActiveCfg = Release|Any CPU
		{304FDE1B-3478-4E1C-AACE-D62973EF76AD}.Ad-Hoc|x64.Build.0 = Release|Any CPU
		{304FDE1B-3478-4E1C-AACE-D62973EF76AD}.Ad-Hoc|x86.ActiveCfg = Release|Any CPU
		{304FDE1B-3478-4E1C-AACE-D62973EF76AD}.Ad-Hoc|x86.Build.0 = Release|Any CPU
		{304FDE1B-3478-4E1C-AACE-D62973EF76AD}.AppStore|Any CPU.ActiveCfg = Release|Any CPU
		{304FDE1B-3478-4E1C-AACE-D62973EF76AD}.AppStore|Any CPU.Build.0 = Release|Any CPU
		{304FDE1B-3478-4E1C-AACE-D62973EF76AD}.AppStore|ARM.ActiveCfg = Release|Any CPU
		{304FDE1B-3478-4E1C-AACE-D62973EF76AD}.AppStore|ARM.Build.0 = Release|Any CPU
		{304FDE1B-3478-4E1C-AACE-D62973EF76AD}.AppStore|iPhone.ActiveCfg = Release|Any CPU
		{304FDE1B-3478-4E1C-AACE-D62973EF76AD}.AppStore|iPhone.Build.0 = Release|Any CPU
		{304FDE1B-3478-4E1C-AACE-D62973EF76AD}.AppStore|iPhoneSimulator.ActiveCfg = Release|Any CPU
		{304FDE1B-3478-4E1C-AACE-D62973EF76AD}.AppStore|iPhoneSimulator.Build.0 = Release|Any CPU
		{304FDE1B-3478-4E1C-AACE-D62973EF76AD}.AppStore|x64.ActiveCfg = Release|Any CPU
		{304FDE1B-3478-4E1C-AACE-D62973EF76AD}.AppStore|x64.Build.0 = Release|Any CPU
		{304FDE1B-3478-4E1C-AACE-D62973EF76AD}.AppStore|x86.ActiveCfg = Release|Any CPU
		{304FDE1B-3478-4E1C-AACE-D62973EF76AD}.AppStore|x86.Build.0 = Release|Any CPU
		{304FDE1B-3478-4E1C-AACE-D62973EF76AD}.Debug|Any CPU.ActiveCfg = Debug|Any CPU
		{304FDE1B-3478-4E1C-AACE-D62973EF76AD}.Debug|Any CPU.Build.0 = Debug|Any CPU
		{304FDE1B-3478-4E1C-AACE-D62973EF76AD}.Debug|ARM.ActiveCfg = Debug|Any CPU
		{304FDE1B-3478-4E1C-AACE-D62973EF76AD}.Debug|ARM.Build.0 = Debug|Any CPU
		{304FDE1B-3478-4E1C-AACE-D62973EF76AD}.Debug|iPhone.ActiveCfg = Debug|Any CPU
		{304FDE1B-3478-4E1C-AACE-D62973EF76AD}.Debug|iPhone.Build.0 = Debug|Any CPU
		{304FDE1B-3478-4E1C-AACE-D62973EF76AD}.Debug|iPhoneSimulator.ActiveCfg = Debug|Any CPU
		{304FDE1B-3478-4E1C-AACE-D62973EF76AD}.Debug|iPhoneSimulator.Build.0 = Debug|Any CPU
		{304FDE1B-3478-4E1C-AACE-D62973EF76AD}.Debug|x64.ActiveCfg = Debug|Any CPU
		{304FDE1B-3478-4E1C-AACE-D62973EF76AD}.Debug|x64.Build.0 = Debug|Any CPU
		{304FDE1B-3478-4E1C-AACE-D62973EF76AD}.Debug|x86.ActiveCfg = Debug|Any CPU
		{304FDE1B-3478-4E1C-AACE-D62973EF76AD}.Debug|x86.Build.0 = Debug|Any CPU
		{304FDE1B-3478-4E1C-AACE-D62973EF76AD}.Release|Any CPU.ActiveCfg = Release|Any CPU
		{304FDE1B-3478-4E1C-AACE-D62973EF76AD}.Release|Any CPU.Build.0 = Release|Any CPU
		{304FDE1B-3478-4E1C-AACE-D62973EF76AD}.Release|ARM.ActiveCfg = Release|Any CPU
		{304FDE1B-3478-4E1C-AACE-D62973EF76AD}.Release|ARM.Build.0 = Release|Any CPU
		{304FDE1B-3478-4E1C-AACE-D62973EF76AD}.Release|iPhone.ActiveCfg = Release|Any CPU
		{304FDE1B-3478-4E1C-AACE-D62973EF76AD}.Release|iPhone.Build.0 = Release|Any CPU
		{304FDE1B-3478-4E1C-AACE-D62973EF76AD}.Release|iPhoneSimulator.ActiveCfg = Release|Any CPU
		{304FDE1B-3478-4E1C-AACE-D62973EF76AD}.Release|iPhoneSimulator.Build.0 = Release|Any CPU
		{304FDE1B-3478-4E1C-AACE-D62973EF76AD}.Release|x64.ActiveCfg = Release|Any CPU
		{304FDE1B-3478-4E1C-AACE-D62973EF76AD}.Release|x64.Build.0 = Release|Any CPU
		{304FDE1B-3478-4E1C-AACE-D62973EF76AD}.Release|x86.ActiveCfg = Release|Any CPU
		{304FDE1B-3478-4E1C-AACE-D62973EF76AD}.Release|x86.Build.0 = Release|Any CPU
	EndGlobalSection
	GlobalSection(SolutionProperties) = preSolution
		HideSolutionNode = FALSE
	EndGlobalSection
EndGlobal
