
Microsoft Visual Studio Solution File, Format Version 12.00
# Visual Studio 14
VisualStudioVersion = 14.0.24720.0
MinimumVisualStudioVersion = 10.0.40219.1
Project("{FAE04EC0-301F-11D3-BF4B-00C04F79EFBC}") = "CircularProgress.Droid", "CircularProgress\CircularProgress.Droid\CircularProgress.Droid.csproj", "{6AFE992A-12AC-4B90-A893-890118685EA6}"
EndProject
Project("{FAE04EC0-301F-11D3-BF4B-00C04F79EFBC}") = "CircularProgress.iOS", "CircularProgress\CircularProgress.iOS\CircularProgress.iOS.csproj", "{CD675E01-3E43-4C6E-B6A8-EA97D9574DE4}"
EndProject
Project("{FAE04EC0-301F-11D3-BF4B-00C04F79EFBC}") = "CircularProgress.WinPhone", "CircularProgress\CircularProgress.WinPhone\CircularProgress.WinPhone.csproj", "{A8D8D545-E9B3-4734-8941-BFD74F94DE89}"
EndProject
Project("{FAE04EC0-301F-11D3-BF4B-00C04F79EFBC}") = "CircularProgress.UWP", "CircularProgress\CircularProgress.UWP\CircularProgress.UWP.csproj", "{015981AB-E78E-4AC7-AB0B-A9AC789DB2FB}"
EndProject
Project("{FAE04EC0-301F-11D3-BF4B-00C04F79EFBC}") = "CircularProgress.Windows", "CircularProgress\CircularProgress.Windows\CircularProgress.Windows.csproj", "{58E90020-0452-47E3-8D34-94832E823230}"
EndProject
Project("{FAE04EC0-301F-11D3-BF4B-00C04F79EFBC}") = "CircularProgress", "CircularProgress\CircularProgress\CircularProgress.csproj", "{F9667820-D912-45F8-8648-AC0A2A628FA9}"
EndProject
Global
	GlobalSection(SolutionConfigurationPlatforms) = preSolution
		Ad-Hoc|Any CPU = Ad-Hoc|Any CPU
		Ad-Hoc|ARM = Ad-Hoc|ARM
		Ad-Hoc|iPhone = Ad-Hoc|iPhone
		Ad-Hoc|iPhoneSimulator = Ad-Hoc|iPhoneSimulator
		Ad-Hoc|x64 = Ad-Hoc|x64
		Ad-Hoc|x86 = Ad-Hoc|x86
		AppStore|Any CPU = AppStore|Any CPU
		AppStore|ARM = AppStore|ARM
		AppStore|iPhone = AppStore|iPhone
		AppStore|iPhoneSimulator = AppStore|iPhoneSimulator
		AppStore|x64 = AppStore|x64
		AppStore|x86 = AppStore|x86
		Debug|Any CPU = Debug|Any CPU
		Debug|ARM = Debug|ARM
		Debug|iPhone = Debug|iPhone
		Debug|iPhoneSimulator = Debug|iPhoneSimulator
		Debug|x64 = Debug|x64
		Debug|x86 = Debug|x86
		Release|Any CPU = Release|Any CPU
		Release|ARM = Release|ARM
		Release|iPhone = Release|iPhone
		Release|iPhoneSimulator = Release|iPhoneSimulator
		Release|x64 = Release|x64
		Release|x86 = Release|x86
	EndGlobalSection
	GlobalSection(ProjectConfigurationPlatforms) = postSolution
		{6AFE992A-12AC-4B90-A893-890118685EA6}.Ad-Hoc|Any CPU.ActiveCfg = Release|Any CPU
		{6AFE992A-12AC-4B90-A893-890118685EA6}.Ad-Hoc|Any CPU.Build.0 = Release|Any CPU
		{6AFE992A-12AC-4B90-A893-890118685EA6}.Ad-Hoc|Any CPU.Deploy.0 = Release|Any CPU
		{6AFE992A-12AC-4B90-A893-890118685EA6}.Ad-Hoc|ARM.ActiveCfg = Release|Any CPU
		{6AFE992A-12AC-4B90-A893-890118685EA6}.Ad-Hoc|ARM.Build.0 = Release|Any CPU
		{6AFE992A-12AC-4B90-A893-890118685EA6}.Ad-Hoc|ARM.Deploy.0 = Release|Any CPU
		{6AFE992A-12AC-4B90-A893-890118685EA6}.Ad-Hoc|iPhone.ActiveCfg = Release|Any CPU
		{6AFE992A-12AC-4B90-A893-890118685EA6}.Ad-Hoc|iPhone.Build.0 = Release|Any CPU
		{6AFE992A-12AC-4B90-A893-890118685EA6}.Ad-Hoc|iPhone.Deploy.0 = Release|Any CPU
		{6AFE992A-12AC-4B90-A893-890118685EA6}.Ad-Hoc|iPhoneSimulator.ActiveCfg = Release|Any CPU
		{6AFE992A-12AC-4B90-A893-890118685EA6}.Ad-Hoc|iPhoneSimulator.Build.0 = Release|Any CPU
		{6AFE992A-12AC-4B90-A893-890118685EA6}.Ad-Hoc|iPhoneSimulator.Deploy.0 = Release|Any CPU
		{6AFE992A-12AC-4B90-A893-890118685EA6}.Ad-Hoc|x64.ActiveCfg = Release|Any CPU
		{6AFE992A-12AC-4B90-A893-890118685EA6}.Ad-Hoc|x64.Build.0 = Release|Any CPU
		{6AFE992A-12AC-4B90-A893-890118685EA6}.Ad-Hoc|x64.Deploy.0 = Release|Any CPU
		{6AFE992A-12AC-4B90-A893-890118685EA6}.Ad-Hoc|x86.ActiveCfg = Release|Any CPU
		{6AFE992A-12AC-4B90-A893-890118685EA6}.Ad-Hoc|x86.Build.0 = Release|Any CPU
		{6AFE992A-12AC-4B90-A893-890118685EA6}.Ad-Hoc|x86.Deploy.0 = Release|Any CPU
		{6AFE992A-12AC-4B90-A893-890118685EA6}.AppStore|Any CPU.ActiveCfg = Release|Any CPU
		{6AFE992A-12AC-4B90-A893-890118685EA6}.AppStore|Any CPU.Build.0 = Release|Any CPU
		{6AFE992A-12AC-4B90-A893-890118685EA6}.AppStore|Any CPU.Deploy.0 = Release|Any CPU
		{6AFE992A-12AC-4B90-A893-890118685EA6}.AppStore|ARM.ActiveCfg = Release|Any CPU
		{6AFE992A-12AC-4B90-A893-890118685EA6}.AppStore|ARM.Build.0 = Release|Any CPU
		{6AFE992A-12AC-4B90-A893-890118685EA6}.AppStore|ARM.Deploy.0 = Release|Any CPU
		{6AFE992A-12AC-4B90-A893-890118685EA6}.AppStore|iPhone.ActiveCfg = Release|Any CPU
		{6AFE992A-12AC-4B90-A893-890118685EA6}.AppStore|iPhone.Build.0 = Release|Any CPU
		{6AFE992A-12AC-4B90-A893-890118685EA6}.AppStore|iPhone.Deploy.0 = Release|Any CPU
		{6AFE992A-12AC-4B90-A893-890118685EA6}.AppStore|iPhoneSimulator.ActiveCfg = Release|Any CPU
		{6AFE992A-12AC-4B90-A893-890118685EA6}.AppStore|iPhoneSimulator.Build.0 = Release|Any CPU
		{6AFE992A-12AC-4B90-A893-890118685EA6}.AppStore|iPhoneSimulator.Deploy.0 = Release|Any CPU
		{6AFE992A-12AC-4B90-A893-890118685EA6}.AppStore|x64.ActiveCfg = Release|Any CPU
		{6AFE992A-12AC-4B90-A893-890118685EA6}.AppStore|x64.Build.0 = Release|Any CPU
		{6AFE992A-12AC-4B90-A893-890118685EA6}.AppStore|x64.Deploy.0 = Release|Any CPU
		{6AFE992A-12AC-4B90-A893-890118685EA6}.AppStore|x86.ActiveCfg = Release|Any CPU
		{6AFE992A-12AC-4B90-A893-890118685EA6}.AppStore|x86.Build.0 = Release|Any CPU
		{6AFE992A-12AC-4B90-A893-890118685EA6}.AppStore|x86.Deploy.0 = Release|Any CPU
		{6AFE992A-12AC-4B90-A893-890118685EA6}.Debug|Any CPU.ActiveCfg = Debug|Any CPU
		{6AFE992A-12AC-4B90-A893-890118685EA6}.Debug|Any CPU.Build.0 = Debug|Any CPU
		{6AFE992A-12AC-4B90-A893-890118685EA6}.Debug|Any CPU.Deploy.0 = Debug|Any CPU
		{6AFE992A-12AC-4B90-A893-890118685EA6}.Debug|ARM.ActiveCfg = Debug|Any CPU
		{6AFE992A-12AC-4B90-A893-890118685EA6}.Debug|ARM.Build.0 = Debug|Any CPU
		{6AFE992A-12AC-4B90-A893-890118685EA6}.Debug|ARM.Deploy.0 = Debug|Any CPU
		{6AFE992A-12AC-4B90-A893-890118685EA6}.Debug|iPhone.ActiveCfg = Debug|Any CPU
		{6AFE992A-12AC-4B90-A893-890118685EA6}.Debug|iPhone.Build.0 = Debug|Any CPU
		{6AFE992A-12AC-4B90-A893-890118685EA6}.Debug|iPhone.Deploy.0 = Debug|Any CPU
		{6AFE992A-12AC-4B90-A893-890118685EA6}.Debug|iPhoneSimulator.ActiveCfg = Debug|Any CPU
		{6AFE992A-12AC-4B90-A893-890118685EA6}.Debug|iPhoneSimulator.Build.0 = Debug|Any CPU
		{6AFE992A-12AC-4B90-A893-890118685EA6}.Debug|iPhoneSimulator.Deploy.0 = Debug|Any CPU
		{6AFE992A-12AC-4B90-A893-890118685EA6}.Debug|x64.ActiveCfg = Debug|Any CPU
		{6AFE992A-12AC-4B90-A893-890118685EA6}.Debug|x64.Build.0 = Debug|Any CPU
		{6AFE992A-12AC-4B90-A893-890118685EA6}.Debug|x64.Deploy.0 = Debug|Any CPU
		{6AFE992A-12AC-4B90-A893-890118685EA6}.Debug|x86.ActiveCfg = Debug|Any CPU
		{6AFE992A-12AC-4B90-A893-890118685EA6}.Debug|x86.Build.0 = Debug|Any CPU
		{6AFE992A-12AC-4B90-A893-890118685EA6}.Debug|x86.Deploy.0 = Debug|Any CPU
		{6AFE992A-12AC-4B90-A893-890118685EA6}.Release|Any CPU.ActiveCfg = Release|Any CPU
		{6AFE992A-12AC-4B90-A893-890118685EA6}.Release|Any CPU.Build.0 = Release|Any CPU
		{6AFE992A-12AC-4B90-A893-890118685EA6}.Release|Any CPU.Deploy.0 = Release|Any CPU
		{6AFE992A-12AC-4B90-A893-890118685EA6}.Release|ARM.ActiveCfg = Release|Any CPU
		{6AFE992A-12AC-4B90-A893-890118685EA6}.Release|ARM.Build.0 = Release|Any CPU
		{6AFE992A-12AC-4B90-A893-890118685EA6}.Release|ARM.Deploy.0 = Release|Any CPU
		{6AFE992A-12AC-4B90-A893-890118685EA6}.Release|iPhone.ActiveCfg = Release|Any CPU
		{6AFE992A-12AC-4B90-A893-890118685EA6}.Release|iPhone.Build.0 = Release|Any CPU
		{6AFE992A-12AC-4B90-A893-890118685EA6}.Release|iPhone.Deploy.0 = Release|Any CPU
		{6AFE992A-12AC-4B90-A893-890118685EA6}.Release|iPhoneSimulator.ActiveCfg = Release|Any CPU
		{6AFE992A-12AC-4B90-A893-890118685EA6}.Release|iPhoneSimulator.Build.0 = Release|Any CPU
		{6AFE992A-12AC-4B90-A893-890118685EA6}.Release|iPhoneSimulator.Deploy.0 = Release|Any CPU
		{6AFE992A-12AC-4B90-A893-890118685EA6}.Release|x64.ActiveCfg = Release|Any CPU
		{6AFE992A-12AC-4B90-A893-890118685EA6}.Release|x64.Build.0 = Release|Any CPU
		{6AFE992A-12AC-4B90-A893-890118685EA6}.Release|x64.Deploy.0 = Release|Any CPU
		{6AFE992A-12AC-4B90-A893-890118685EA6}.Release|x86.ActiveCfg = Release|Any CPU
		{6AFE992A-12AC-4B90-A893-890118685EA6}.Release|x86.Build.0 = Release|Any CPU
		{6AFE992A-12AC-4B90-A893-890118685EA6}.Release|x86.Deploy.0 = Release|Any CPU
		{CD675E01-3E43-4C6E-B6A8-EA97D9574DE4}.Ad-Hoc|Any CPU.ActiveCfg = Ad-Hoc|iPhone
		{CD675E01-3E43-4C6E-B6A8-EA97D9574DE4}.Ad-Hoc|ARM.ActiveCfg = Ad-Hoc|iPhone
		{CD675E01-3E43-4C6E-B6A8-EA97D9574DE4}.Ad-Hoc|iPhone.ActiveCfg = Ad-Hoc|iPhone
		{CD675E01-3E43-4C6E-B6A8-EA97D9574DE4}.Ad-Hoc|iPhone.Build.0 = Ad-Hoc|iPhone
		{CD675E01-3E43-4C6E-B6A8-EA97D9574DE4}.Ad-Hoc|iPhoneSimulator.ActiveCfg = Ad-Hoc|iPhoneSimulator
		{CD675E01-3E43-4C6E-B6A8-EA97D9574DE4}.Ad-Hoc|iPhoneSimulator.Build.0 = Ad-Hoc|iPhoneSimulator
		{CD675E01-3E43-4C6E-B6A8-EA97D9574DE4}.Ad-Hoc|x64.ActiveCfg = Ad-Hoc|iPhone
		{CD675E01-3E43-4C6E-B6A8-EA97D9574DE4}.Ad-Hoc|x86.ActiveCfg = Ad-Hoc|iPhone
		{CD675E01-3E43-4C6E-B6A8-EA97D9574DE4}.AppStore|Any CPU.ActiveCfg = AppStore|iPhone
		{CD675E01-3E43-4C6E-B6A8-EA97D9574DE4}.AppStore|ARM.ActiveCfg = AppStore|iPhone
		{CD675E01-3E43-4C6E-B6A8-EA97D9574DE4}.AppStore|iPhone.ActiveCfg = AppStore|iPhone
		{CD675E01-3E43-4C6E-B6A8-EA97D9574DE4}.AppStore|iPhone.Build.0 = AppStore|iPhone
		{CD675E01-3E43-4C6E-B6A8-EA97D9574DE4}.AppStore|iPhoneSimulator.ActiveCfg = AppStore|iPhoneSimulator
		{CD675E01-3E43-4C6E-B6A8-EA97D9574DE4}.AppStore|iPhoneSimulator.Build.0 = AppStore|iPhoneSimulator
		{CD675E01-3E43-4C6E-B6A8-EA97D9574DE4}.AppStore|x64.ActiveCfg = AppStore|iPhone
		{CD675E01-3E43-4C6E-B6A8-EA97D9574DE4}.AppStore|x86.ActiveCfg = AppStore|iPhone
		{CD675E01-3E43-4C6E-B6A8-EA97D9574DE4}.Debug|Any CPU.ActiveCfg = Debug|iPhone
		{CD675E01-3E43-4C6E-B6A8-EA97D9574DE4}.Debug|ARM.ActiveCfg = Debug|iPhone
		{CD675E01-3E43-4C6E-B6A8-EA97D9574DE4}.Debug|iPhone.ActiveCfg = Debug|iPhone
		{CD675E01-3E43-4C6E-B6A8-EA97D9574DE4}.Debug|iPhone.Build.0 = Debug|iPhone
		{CD675E01-3E43-4C6E-B6A8-EA97D9574DE4}.Debug|iPhoneSimulator.ActiveCfg = Debug|iPhoneSimulator
		{CD675E01-3E43-4C6E-B6A8-EA97D9574DE4}.Debug|iPhoneSimulator.Build.0 = Debug|iPhoneSimulator
		{CD675E01-3E43-4C6E-B6A8-EA97D9574DE4}.Debug|x64.ActiveCfg = Debug|iPhone
		{CD675E01-3E43-4C6E-B6A8-EA97D9574DE4}.Debug|x86.ActiveCfg = Debug|iPhone
		{CD675E01-3E43-4C6E-B6A8-EA97D9574DE4}.Release|Any CPU.ActiveCfg = Release|iPhone
		{CD675E01-3E43-4C6E-B6A8-EA97D9574DE4}.Release|ARM.ActiveCfg = Release|iPhone
		{CD675E01-3E43-4C6E-B6A8-EA97D9574DE4}.Release|iPhone.ActiveCfg = Release|iPhone
		{CD675E01-3E43-4C6E-B6A8-EA97D9574DE4}.Release|iPhone.Build.0 = Release|iPhone
		{CD675E01-3E43-4C6E-B6A8-EA97D9574DE4}.Release|iPhoneSimulator.ActiveCfg = Release|iPhoneSimulator
		{CD675E01-3E43-4C6E-B6A8-EA97D9574DE4}.Release|iPhoneSimulator.Build.0 = Release|iPhoneSimulator
		{CD675E01-3E43-4C6E-B6A8-EA97D9574DE4}.Release|x64.ActiveCfg = Release|iPhone
		{CD675E01-3E43-4C6E-B6A8-EA97D9574DE4}.Release|x86.ActiveCfg = Release|iPhone
		{A8D8D545-E9B3-4734-8941-BFD74F94DE89}.Ad-Hoc|Any CPU.ActiveCfg = Release|Any CPU
		{A8D8D545-E9B3-4734-8941-BFD74F94DE89}.Ad-Hoc|Any CPU.Build.0 = Release|Any CPU
		{A8D8D545-E9B3-4734-8941-BFD74F94DE89}.Ad-Hoc|Any CPU.Deploy.0 = Release|Any CPU
		{A8D8D545-E9B3-4734-8941-BFD74F94DE89}.Ad-Hoc|ARM.ActiveCfg = Release|ARM
		{A8D8D545-E9B3-4734-8941-BFD74F94DE89}.Ad-Hoc|ARM.Build.0 = Release|ARM
		{A8D8D545-E9B3-4734-8941-BFD74F94DE89}.Ad-Hoc|ARM.Deploy.0 = Release|ARM
		{A8D8D545-E9B3-4734-8941-BFD74F94DE89}.Ad-Hoc|iPhone.ActiveCfg = Release|Any CPU
		{A8D8D545-E9B3-4734-8941-BFD74F94DE89}.Ad-Hoc|iPhone.Build.0 = Release|Any CPU
		{A8D8D545-E9B3-4734-8941-BFD74F94DE89}.Ad-Hoc|iPhone.Deploy.0 = Release|Any CPU
		{A8D8D545-E9B3-4734-8941-BFD74F94DE89}.Ad-Hoc|iPhoneSimulator.ActiveCfg = Release|Any CPU
		{A8D8D545-E9B3-4734-8941-BFD74F94DE89}.Ad-Hoc|iPhoneSimulator.Build.0 = Release|Any CPU
		{A8D8D545-E9B3-4734-8941-BFD74F94DE89}.Ad-Hoc|iPhoneSimulator.Deploy.0 = Release|Any CPU
		{A8D8D545-E9B3-4734-8941-BFD74F94DE89}.Ad-Hoc|x64.ActiveCfg = Release|Any CPU
		{A8D8D545-E9B3-4734-8941-BFD74F94DE89}.Ad-Hoc|x64.Build.0 = Release|Any CPU
		{A8D8D545-E9B3-4734-8941-BFD74F94DE89}.Ad-Hoc|x64.Deploy.0 = Release|Any CPU
		{A8D8D545-E9B3-4734-8941-BFD74F94DE89}.Ad-Hoc|x86.ActiveCfg = Release|x86
		{A8D8D545-E9B3-4734-8941-BFD74F94DE89}.Ad-Hoc|x86.Build.0 = Release|x86
		{A8D8D545-E9B3-4734-8941-BFD74F94DE89}.Ad-Hoc|x86.Deploy.0 = Release|x86
		{A8D8D545-E9B3-4734-8941-BFD74F94DE89}.AppStore|Any CPU.ActiveCfg = Release|Any CPU
		{A8D8D545-E9B3-4734-8941-BFD74F94DE89}.AppStore|Any CPU.Build.0 = Release|Any CPU
		{A8D8D545-E9B3-4734-8941-BFD74F94DE89}.AppStore|Any CPU.Deploy.0 = Release|Any CPU
		{A8D8D545-E9B3-4734-8941-BFD74F94DE89}.AppStore|ARM.ActiveCfg = Release|ARM
		{A8D8D545-E9B3-4734-8941-BFD74F94DE89}.AppStore|ARM.Build.0 = Release|ARM
		{A8D8D545-E9B3-4734-8941-BFD74F94DE89}.AppStore|ARM.Deploy.0 = Release|ARM
		{A8D8D545-E9B3-4734-8941-BFD74F94DE89}.AppStore|iPhone.ActiveCfg = Release|Any CPU
		{A8D8D545-E9B3-4734-8941-BFD74F94DE89}.AppStore|iPhone.Build.0 = Release|Any CPU
		{A8D8D545-E9B3-4734-8941-BFD74F94DE89}.AppStore|iPhone.Deploy.0 = Release|Any CPU
		{A8D8D545-E9B3-4734-8941-BFD74F94DE89}.AppStore|iPhoneSimulator.ActiveCfg = Release|Any CPU
		{A8D8D545-E9B3-4734-8941-BFD74F94DE89}.AppStore|iPhoneSimulator.Build.0 = Release|Any CPU
		{A8D8D545-E9B3-4734-8941-BFD74F94DE89}.AppStore|iPhoneSimulator.Deploy.0 = Release|Any CPU
		{A8D8D545-E9B3-4734-8941-BFD74F94DE89}.AppStore|x64.ActiveCfg = Release|Any CPU
		{A8D8D545-E9B3-4734-8941-BFD74F94DE89}.AppStore|x64.Build.0 = Release|Any CPU
		{A8D8D545-E9B3-4734-8941-BFD74F94DE89}.AppStore|x64.Deploy.0 = Release|Any CPU
		{A8D8D545-E9B3-4734-8941-BFD74F94DE89}.AppStore|x86.ActiveCfg = Release|x86
		{A8D8D545-E9B3-4734-8941-BFD74F94DE89}.AppStore|x86.Build.0 = Release|x86
		{A8D8D545-E9B3-4734-8941-BFD74F94DE89}.AppStore|x86.Deploy.0 = Release|x86
		{A8D8D545-E9B3-4734-8941-BFD74F94DE89}.Debug|Any CPU.ActiveCfg = Debug|Any CPU
		{A8D8D545-E9B3-4734-8941-BFD74F94DE89}.Debug|Any CPU.Build.0 = Debug|Any CPU
		{A8D8D545-E9B3-4734-8941-BFD74F94DE89}.Debug|Any CPU.Deploy.0 = Debug|Any CPU
		{A8D8D545-E9B3-4734-8941-BFD74F94DE89}.Debug|ARM.ActiveCfg = Debug|ARM
		{A8D8D545-E9B3-4734-8941-BFD74F94DE89}.Debug|ARM.Build.0 = Debug|ARM
		{A8D8D545-E9B3-4734-8941-BFD74F94DE89}.Debug|ARM.Deploy.0 = Debug|ARM
		{A8D8D545-E9B3-4734-8941-BFD74F94DE89}.Debug|iPhone.ActiveCfg = Debug|Any CPU
		{A8D8D545-E9B3-4734-8941-BFD74F94DE89}.Debug|iPhone.Build.0 = Debug|Any CPU
		{A8D8D545-E9B3-4734-8941-BFD74F94DE89}.Debug|iPhone.Deploy.0 = Debug|Any CPU
		{A8D8D545-E9B3-4734-8941-BFD74F94DE89}.Debug|iPhoneSimulator.ActiveCfg = Debug|Any CPU
		{A8D8D545-E9B3-4734-8941-BFD74F94DE89}.Debug|iPhoneSimulator.Build.0 = Debug|Any CPU
		{A8D8D545-E9B3-4734-8941-BFD74F94DE89}.Debug|iPhoneSimulator.Deploy.0 = Debug|Any CPU
		{A8D8D545-E9B3-4734-8941-BFD74F94DE89}.Debug|x64.ActiveCfg = Debug|Any CPU
		{A8D8D545-E9B3-4734-8941-BFD74F94DE89}.Debug|x64.Build.0 = Debug|Any CPU
		{A8D8D545-E9B3-4734-8941-BFD74F94DE89}.Debug|x64.Deploy.0 = Debug|Any CPU
		{A8D8D545-E9B3-4734-8941-BFD74F94DE89}.Debug|x86.ActiveCfg = Debug|x86
		{A8D8D545-E9B3-4734-8941-BFD74F94DE89}.Debug|x86.Build.0 = Debug|x86
		{A8D8D545-E9B3-4734-8941-BFD74F94DE89}.Debug|x86.Deploy.0 = Debug|x86
		{A8D8D545-E9B3-4734-8941-BFD74F94DE89}.Release|Any CPU.ActiveCfg = Release|Any CPU
		{A8D8D545-E9B3-4734-8941-BFD74F94DE89}.Release|Any CPU.Build.0 = Release|Any CPU
		{A8D8D545-E9B3-4734-8941-BFD74F94DE89}.Release|Any CPU.Deploy.0 = Release|Any CPU
		{A8D8D545-E9B3-4734-8941-BFD74F94DE89}.Release|ARM.ActiveCfg = Release|ARM
		{A8D8D545-E9B3-4734-8941-BFD74F94DE89}.Release|ARM.Build.0 = Release|ARM
		{A8D8D545-E9B3-4734-8941-BFD74F94DE89}.Release|ARM.Deploy.0 = Release|ARM
		{A8D8D545-E9B3-4734-8941-BFD74F94DE89}.Release|iPhone.ActiveCfg = Release|Any CPU
		{A8D8D545-E9B3-4734-8941-BFD74F94DE89}.Release|iPhone.Build.0 = Release|Any CPU
		{A8D8D545-E9B3-4734-8941-BFD74F94DE89}.Release|iPhone.Deploy.0 = Release|Any CPU
		{A8D8D545-E9B3-4734-8941-BFD74F94DE89}.Release|iPhoneSimulator.ActiveCfg = Release|Any CPU
		{A8D8D545-E9B3-4734-8941-BFD74F94DE89}.Release|iPhoneSimulator.Build.0 = Release|Any CPU
		{A8D8D545-E9B3-4734-8941-BFD74F94DE89}.Release|iPhoneSimulator.Deploy.0 = Release|Any CPU
		{A8D8D545-E9B3-4734-8941-BFD74F94DE89}.Release|x64.ActiveCfg = Release|Any CPU
		{A8D8D545-E9B3-4734-8941-BFD74F94DE89}.Release|x64.Build.0 = Release|Any CPU
		{A8D8D545-E9B3-4734-8941-BFD74F94DE89}.Release|x64.Deploy.0 = Release|Any CPU
		{A8D8D545-E9B3-4734-8941-BFD74F94DE89}.Release|x86.ActiveCfg = Release|x86
		{A8D8D545-E9B3-4734-8941-BFD74F94DE89}.Release|x86.Build.0 = Release|x86
		{A8D8D545-E9B3-4734-8941-BFD74F94DE89}.Release|x86.Deploy.0 = Release|x86
		{015981AB-E78E-4AC7-AB0B-A9AC789DB2FB}.Ad-Hoc|Any CPU.ActiveCfg = Release|x86
		{015981AB-E78E-4AC7-AB0B-A9AC789DB2FB}.Ad-Hoc|Any CPU.Build.0 = Release|x86
		{015981AB-E78E-4AC7-AB0B-A9AC789DB2FB}.Ad-Hoc|Any CPU.Deploy.0 = Release|x86
		{015981AB-E78E-4AC7-AB0B-A9AC789DB2FB}.Ad-Hoc|ARM.ActiveCfg = Release|ARM
		{015981AB-E78E-4AC7-AB0B-A9AC789DB2FB}.Ad-Hoc|ARM.Build.0 = Release|ARM
		{015981AB-E78E-4AC7-AB0B-A9AC789DB2FB}.Ad-Hoc|ARM.Deploy.0 = Release|ARM
		{015981AB-E78E-4AC7-AB0B-A9AC789DB2FB}.Ad-Hoc|iPhone.ActiveCfg = Release|x86
		{015981AB-E78E-4AC7-AB0B-A9AC789DB2FB}.Ad-Hoc|iPhone.Build.0 = Release|x86
		{015981AB-E78E-4AC7-AB0B-A9AC789DB2FB}.Ad-Hoc|iPhone.Deploy.0 = Release|x86
		{015981AB-E78E-4AC7-AB0B-A9AC789DB2FB}.Ad-Hoc|iPhoneSimulator.ActiveCfg = Release|x86
		{015981AB-E78E-4AC7-AB0B-A9AC789DB2FB}.Ad-Hoc|iPhoneSimulator.Build.0 = Release|x86
		{015981AB-E78E-4AC7-AB0B-A9AC789DB2FB}.Ad-Hoc|iPhoneSimulator.Deploy.0 = Release|x86
		{015981AB-E78E-4AC7-AB0B-A9AC789DB2FB}.Ad-Hoc|x64.ActiveCfg = Release|x64
		{015981AB-E78E-4AC7-AB0B-A9AC789DB2FB}.Ad-Hoc|x64.Build.0 = Release|x64
		{015981AB-E78E-4AC7-AB0B-A9AC789DB2FB}.Ad-Hoc|x64.Deploy.0 = Release|x64
		{015981AB-E78E-4AC7-AB0B-A9AC789DB2FB}.Ad-Hoc|x86.ActiveCfg = Release|x86
		{015981AB-E78E-4AC7-AB0B-A9AC789DB2FB}.Ad-Hoc|x86.Build.0 = Release|x86
		{015981AB-E78E-4AC7-AB0B-A9AC789DB2FB}.Ad-Hoc|x86.Deploy.0 = Release|x86
		{015981AB-E78E-4AC7-AB0B-A9AC789DB2FB}.AppStore|Any CPU.ActiveCfg = Release|x86
		{015981AB-E78E-4AC7-AB0B-A9AC789DB2FB}.AppStore|Any CPU.Build.0 = Release|x86
		{015981AB-E78E-4AC7-AB0B-A9AC789DB2FB}.AppStore|Any CPU.Deploy.0 = Release|x86
		{015981AB-E78E-4AC7-AB0B-A9AC789DB2FB}.AppStore|ARM.ActiveCfg = Release|ARM
		{015981AB-E78E-4AC7-AB0B-A9AC789DB2FB}.AppStore|ARM.Build.0 = Release|ARM
		{015981AB-E78E-4AC7-AB0B-A9AC789DB2FB}.AppStore|ARM.Deploy.0 = Release|ARM
		{015981AB-E78E-4AC7-AB0B-A9AC789DB2FB}.AppStore|iPhone.ActiveCfg = Release|x86
		{015981AB-E78E-4AC7-AB0B-A9AC789DB2FB}.AppStore|iPhone.Build.0 = Release|x86
		{015981AB-E78E-4AC7-AB0B-A9AC789DB2FB}.AppStore|iPhone.Deploy.0 = Release|x86
		{015981AB-E78E-4AC7-AB0B-A9AC789DB2FB}.AppStore|iPhoneSimulator.ActiveCfg = Release|x86
		{015981AB-E78E-4AC7-AB0B-A9AC789DB2FB}.AppStore|iPhoneSimulator.Build.0 = Release|x86
		{015981AB-E78E-4AC7-AB0B-A9AC789DB2FB}.AppStore|iPhoneSimulator.Deploy.0 = Release|x86
		{015981AB-E78E-4AC7-AB0B-A9AC789DB2FB}.AppStore|x64.ActiveCfg = Release|x64
		{015981AB-E78E-4AC7-AB0B-A9AC789DB2FB}.AppStore|x64.Build.0 = Release|x64
		{015981AB-E78E-4AC7-AB0B-A9AC789DB2FB}.AppStore|x64.Deploy.0 = Release|x64
		{015981AB-E78E-4AC7-AB0B-A9AC789DB2FB}.AppStore|x86.ActiveCfg = Release|x86
		{015981AB-E78E-4AC7-AB0B-A9AC789DB2FB}.AppStore|x86.Build.0 = Release|x86
		{015981AB-E78E-4AC7-AB0B-A9AC789DB2FB}.AppStore|x86.Deploy.0 = Release|x86
		{015981AB-E78E-4AC7-AB0B-A9AC789DB2FB}.Debug|Any CPU.ActiveCfg = Debug|x86
		{015981AB-E78E-4AC7-AB0B-A9AC789DB2FB}.Debug|Any CPU.Build.0 = Debug|x86
		{015981AB-E78E-4AC7-AB0B-A9AC789DB2FB}.Debug|Any CPU.Deploy.0 = Debug|x86
		{015981AB-E78E-4AC7-AB0B-A9AC789DB2FB}.Debug|ARM.ActiveCfg = Debug|ARM
		{015981AB-E78E-4AC7-AB0B-A9AC789DB2FB}.Debug|ARM.Build.0 = Debug|ARM
		{015981AB-E78E-4AC7-AB0B-A9AC789DB2FB}.Debug|ARM.Deploy.0 = Debug|ARM
		{015981AB-E78E-4AC7-AB0B-A9AC789DB2FB}.Debug|iPhone.ActiveCfg = Debug|x86
		{015981AB-E78E-4AC7-AB0B-A9AC789DB2FB}.Debug|iPhoneSimulator.ActiveCfg = Debug|x86
		{015981AB-E78E-4AC7-AB0B-A9AC789DB2FB}.Debug|x64.ActiveCfg = Debug|x64
		{015981AB-E78E-4AC7-AB0B-A9AC789DB2FB}.Debug|x64.Build.0 = Debug|x64
		{015981AB-E78E-4AC7-AB0B-A9AC789DB2FB}.Debug|x64.Deploy.0 = Debug|x64
		{015981AB-E78E-4AC7-AB0B-A9AC789DB2FB}.Debug|x86.ActiveCfg = Debug|x86
		{015981AB-E78E-4AC7-AB0B-A9AC789DB2FB}.Debug|x86.Build.0 = Debug|x86
		{015981AB-E78E-4AC7-AB0B-A9AC789DB2FB}.Debug|x86.Deploy.0 = Debug|x86
		{015981AB-E78E-4AC7-AB0B-A9AC789DB2FB}.Release|Any CPU.ActiveCfg = Release|x86
		{015981AB-E78E-4AC7-AB0B-A9AC789DB2FB}.Release|ARM.ActiveCfg = Release|ARM
		{015981AB-E78E-4AC7-AB0B-A9AC789DB2FB}.Release|ARM.Build.0 = Release|ARM
		{015981AB-E78E-4AC7-AB0B-A9AC789DB2FB}.Release|ARM.Deploy.0 = Release|ARM
		{015981AB-E78E-4AC7-AB0B-A9AC789DB2FB}.Release|iPhone.ActiveCfg = Release|x86
		{015981AB-E78E-4AC7-AB0B-A9AC789DB2FB}.Release|iPhoneSimulator.ActiveCfg = Release|x86
		{015981AB-E78E-4AC7-AB0B-A9AC789DB2FB}.Release|x64.ActiveCfg = Release|x64
		{015981AB-E78E-4AC7-AB0B-A9AC789DB2FB}.Release|x64.Build.0 = Release|x64
		{015981AB-E78E-4AC7-AB0B-A9AC789DB2FB}.Release|x64.Deploy.0 = Release|x64
		{015981AB-E78E-4AC7-AB0B-A9AC789DB2FB}.Release|x86.ActiveCfg = Release|x86
		{015981AB-E78E-4AC7-AB0B-A9AC789DB2FB}.Release|x86.Build.0 = Release|x86
		{015981AB-E78E-4AC7-AB0B-A9AC789DB2FB}.Release|x86.Deploy.0 = Release|x86
		{58E90020-0452-47E3-8D34-94832E823230}.Ad-Hoc|Any CPU.ActiveCfg = Release|Any CPU
		{58E90020-0452-47E3-8D34-94832E823230}.Ad-Hoc|Any CPU.Build.0 = Release|Any CPU
		{58E90020-0452-47E3-8D34-94832E823230}.Ad-Hoc|Any CPU.Deploy.0 = Release|Any CPU
		{58E90020-0452-47E3-8D34-94832E823230}.Ad-Hoc|ARM.ActiveCfg = Release|ARM
		{58E90020-0452-47E3-8D34-94832E823230}.Ad-Hoc|ARM.Build.0 = Release|ARM
		{58E90020-0452-47E3-8D34-94832E823230}.Ad-Hoc|ARM.Deploy.0 = Release|ARM
		{58E90020-0452-47E3-8D34-94832E823230}.Ad-Hoc|iPhone.ActiveCfg = Release|Any CPU
		{58E90020-0452-47E3-8D34-94832E823230}.Ad-Hoc|iPhone.Build.0 = Release|Any CPU
		{58E90020-0452-47E3-8D34-94832E823230}.Ad-Hoc|iPhone.Deploy.0 = Release|Any CPU
		{58E90020-0452-47E3-8D34-94832E823230}.Ad-Hoc|iPhoneSimulator.ActiveCfg = Release|Any CPU
		{58E90020-0452-47E3-8D34-94832E823230}.Ad-Hoc|iPhoneSimulator.Build.0 = Release|Any CPU
		{58E90020-0452-47E3-8D34-94832E823230}.Ad-Hoc|iPhoneSimulator.Deploy.0 = Release|Any CPU
		{58E90020-0452-47E3-8D34-94832E823230}.Ad-Hoc|x64.ActiveCfg = Release|x64
		{58E90020-0452-47E3-8D34-94832E823230}.Ad-Hoc|x64.Build.0 = Release|x64
		{58E90020-0452-47E3-8D34-94832E823230}.Ad-Hoc|x64.Deploy.0 = Release|x64
		{58E90020-0452-47E3-8D34-94832E823230}.Ad-Hoc|x86.ActiveCfg = Release|x86
		{58E90020-0452-47E3-8D34-94832E823230}.Ad-Hoc|x86.Build.0 = Release|x86
		{58E90020-0452-47E3-8D34-94832E823230}.Ad-Hoc|x86.Deploy.0 = Release|x86
		{58E90020-0452-47E3-8D34-94832E823230}.AppStore|Any CPU.ActiveCfg = Release|Any CPU
		{58E90020-0452-47E3-8D34-94832E823230}.AppStore|Any CPU.Build.0 = Release|Any CPU
		{58E90020-0452-47E3-8D34-94832E823230}.AppStore|Any CPU.Deploy.0 = Release|Any CPU
		{58E90020-0452-47E3-8D34-94832E823230}.AppStore|ARM.ActiveCfg = Release|ARM
		{58E90020-0452-47E3-8D34-94832E823230}.AppStore|ARM.Build.0 = Release|ARM
		{58E90020-0452-47E3-8D34-94832E823230}.AppStore|ARM.Deploy.0 = Release|ARM
		{58E90020-0452-47E3-8D34-94832E823230}.AppStore|iPhone.ActiveCfg = Release|Any CPU
		{58E90020-0452-47E3-8D34-94832E823230}.AppStore|iPhone.Build.0 = Release|Any CPU
		{58E90020-0452-47E3-8D34-94832E823230}.AppStore|iPhone.Deploy.0 = Release|Any CPU
		{58E90020-0452-47E3-8D34-94832E823230}.AppStore|iPhoneSimulator.ActiveCfg = Release|Any CPU
		{58E90020-0452-47E3-8D34-94832E823230}.AppStore|iPhoneSimulator.Build.0 = Release|Any CPU
		{58E90020-0452-47E3-8D34-94832E823230}.AppStore|iPhoneSimulator.Deploy.0 = Release|Any CPU
		{58E90020-0452-47E3-8D34-94832E823230}.AppStore|x64.ActiveCfg = Release|x64
		{58E90020-0452-47E3-8D34-94832E823230}.AppStore|x64.Build.0 = Release|x64
		{58E90020-0452-47E3-8D34-94832E823230}.AppStore|x64.Deploy.0 = Release|x64
		{58E90020-0452-47E3-8D34-94832E823230}.AppStore|x86.ActiveCfg = Release|x86
		{58E90020-0452-47E3-8D34-94832E823230}.AppStore|x86.Build.0 = Release|x86
		{58E90020-0452-47E3-8D34-94832E823230}.AppStore|x86.Deploy.0 = Release|x86
		{58E90020-0452-47E3-8D34-94832E823230}.Debug|Any CPU.ActiveCfg = Debug|Any CPU
		{58E90020-0452-47E3-8D34-94832E823230}.Debug|Any CPU.Build.0 = Debug|Any CPU
		{58E90020-0452-47E3-8D34-94832E823230}.Debug|Any CPU.Deploy.0 = Debug|Any CPU
		{58E90020-0452-47E3-8D34-94832E823230}.Debug|ARM.ActiveCfg = Debug|ARM
		{58E90020-0452-47E3-8D34-94832E823230}.Debug|ARM.Build.0 = Debug|ARM
		{58E90020-0452-47E3-8D34-94832E823230}.Debug|ARM.Deploy.0 = Debug|ARM
		{58E90020-0452-47E3-8D34-94832E823230}.Debug|iPhone.ActiveCfg = Debug|Any CPU
		{58E90020-0452-47E3-8D34-94832E823230}.Debug|iPhone.Build.0 = Debug|Any CPU
		{58E90020-0452-47E3-8D34-94832E823230}.Debug|iPhone.Deploy.0 = Debug|Any CPU
		{58E90020-0452-47E3-8D34-94832E823230}.Debug|iPhoneSimulator.ActiveCfg = Debug|Any CPU
		{58E90020-0452-47E3-8D34-94832E823230}.Debug|iPhoneSimulator.Build.0 = Debug|Any CPU
		{58E90020-0452-47E3-8D34-94832E823230}.Debug|iPhoneSimulator.Deploy.0 = Debug|Any CPU
		{58E90020-0452-47E3-8D34-94832E823230}.Debug|x64.ActiveCfg = Debug|x64
		{58E90020-0452-47E3-8D34-94832E823230}.Debug|x64.Build.0 = Debug|x64
		{58E90020-0452-47E3-8D34-94832E823230}.Debug|x64.Deploy.0 = Debug|x64
		{58E90020-0452-47E3-8D34-94832E823230}.Debug|x86.ActiveCfg = Debug|x86
		{58E90020-0452-47E3-8D34-94832E823230}.Debug|x86.Build.0 = Debug|x86
		{58E90020-0452-47E3-8D34-94832E823230}.Debug|x86.Deploy.0 = Debug|x86
		{58E90020-0452-47E3-8D34-94832E823230}.Release|Any CPU.ActiveCfg = Release|Any CPU
		{58E90020-0452-47E3-8D34-94832E823230}.Release|Any CPU.Build.0 = Release|Any CPU
		{58E90020-0452-47E3-8D34-94832E823230}.Release|Any CPU.Deploy.0 = Release|Any CPU
		{58E90020-0452-47E3-8D34-94832E823230}.Release|ARM.ActiveCfg = Release|ARM
		{58E90020-0452-47E3-8D34-94832E823230}.Release|ARM.Build.0 = Release|ARM
		{58E90020-0452-47E3-8D34-94832E823230}.Release|ARM.Deploy.0 = Release|ARM
		{58E90020-0452-47E3-8D34-94832E823230}.Release|iPhone.ActiveCfg = Release|Any CPU
		{58E90020-0452-47E3-8D34-94832E823230}.Release|iPhone.Build.0 = Release|Any CPU
		{58E90020-0452-47E3-8D34-94832E823230}.Release|iPhone.Deploy.0 = Release|Any CPU
		{58E90020-0452-47E3-8D34-94832E823230}.Release|iPhoneSimulator.ActiveCfg = Release|Any CPU
		{58E90020-0452-47E3-8D34-94832E823230}.Release|iPhoneSimulator.Build.0 = Release|Any CPU
		{58E90020-0452-47E3-8D34-94832E823230}.Release|iPhoneSimulator.Deploy.0 = Release|Any CPU
		{58E90020-0452-47E3-8D34-94832E823230}.Release|x64.ActiveCfg = Release|x64
		{58E90020-0452-47E3-8D34-94832E823230}.Release|x64.Build.0 = Release|x64
		{58E90020-0452-47E3-8D34-94832E823230}.Release|x64.Deploy.0 = Release|x64
		{58E90020-0452-47E3-8D34-94832E823230}.Release|x86.ActiveCfg = Release|x86
		{58E90020-0452-47E3-8D34-94832E823230}.Release|x86.Build.0 = Release|x86
		{58E90020-0452-47E3-8D34-94832E823230}.Release|x86.Deploy.0 = Release|x86
		{F9667820-D912-45F8-8648-AC0A2A628FA9}.Ad-Hoc|Any CPU.ActiveCfg = Release|Any CPU
		{F9667820-D912-45F8-8648-AC0A2A628FA9}.Ad-Hoc|Any CPU.Build.0 = Release|Any CPU
		{F9667820-D912-45F8-8648-AC0A2A628FA9}.Ad-Hoc|ARM.ActiveCfg = Release|Any CPU
		{F9667820-D912-45F8-8648-AC0A2A628FA9}.Ad-Hoc|ARM.Build.0 = Release|Any CPU
		{F9667820-D912-45F8-8648-AC0A2A628FA9}.Ad-Hoc|iPhone.ActiveCfg = Release|Any CPU
		{F9667820-D912-45F8-8648-AC0A2A628FA9}.Ad-Hoc|iPhone.Build.0 = Release|Any CPU
		{F9667820-D912-45F8-8648-AC0A2A628FA9}.Ad-Hoc|iPhoneSimulator.ActiveCfg = Release|Any CPU
		{F9667820-D912-45F8-8648-AC0A2A628FA9}.Ad-Hoc|iPhoneSimulator.Build.0 = Release|Any CPU
		{F9667820-D912-45F8-8648-AC0A2A628FA9}.Ad-Hoc|x64.ActiveCfg = Release|Any CPU
		{F9667820-D912-45F8-8648-AC0A2A628FA9}.Ad-Hoc|x64.Build.0 = Release|Any CPU
		{F9667820-D912-45F8-8648-AC0A2A628FA9}.Ad-Hoc|x86.ActiveCfg = Release|Any CPU
		{F9667820-D912-45F8-8648-AC0A2A628FA9}.Ad-Hoc|x86.Build.0 = Release|Any CPU
		{F9667820-D912-45F8-8648-AC0A2A628FA9}.AppStore|Any CPU.ActiveCfg = Release|Any CPU
		{F9667820-D912-45F8-8648-AC0A2A628FA9}.AppStore|Any CPU.Build.0 = Release|Any CPU
		{F9667820-D912-45F8-8648-AC0A2A628FA9}.AppStore|ARM.ActiveCfg = Release|Any CPU
		{F9667820-D912-45F8-8648-AC0A2A628FA9}.AppStore|ARM.Build.0 = Release|Any CPU
		{F9667820-D912-45F8-8648-AC0A2A628FA9}.AppStore|iPhone.ActiveCfg = Release|Any CPU
		{F9667820-D912-45F8-8648-AC0A2A628FA9}.AppStore|iPhone.Build.0 = Release|Any CPU
		{F9667820-D912-45F8-8648-AC0A2A628FA9}.AppStore|iPhoneSimulator.ActiveCfg = Release|Any CPU
		{F9667820-D912-45F8-8648-AC0A2A628FA9}.AppStore|iPhoneSimulator.Build.0 = Release|Any CPU
		{F9667820-D912-45F8-8648-AC0A2A628FA9}.AppStore|x64.ActiveCfg = Release|Any CPU
		{F9667820-D912-45F8-8648-AC0A2A628FA9}.AppStore|x64.Build.0 = Release|Any CPU
		{F9667820-D912-45F8-8648-AC0A2A628FA9}.AppStore|x86.ActiveCfg = Release|Any CPU
		{F9667820-D912-45F8-8648-AC0A2A628FA9}.AppStore|x86.Build.0 = Release|Any CPU
		{F9667820-D912-45F8-8648-AC0A2A628FA9}.Debug|Any CPU.ActiveCfg = Debug|Any CPU
		{F9667820-D912-45F8-8648-AC0A2A628FA9}.Debug|Any CPU.Build.0 = Debug|Any CPU
		{F9667820-D912-45F8-8648-AC0A2A628FA9}.Debug|ARM.ActiveCfg = Debug|Any CPU
		{F9667820-D912-45F8-8648-AC0A2A628FA9}.Debug|ARM.Build.0 = Debug|Any CPU
		{F9667820-D912-45F8-8648-AC0A2A628FA9}.Debug|iPhone.ActiveCfg = Debug|Any CPU
		{F9667820-D912-45F8-8648-AC0A2A628FA9}.Debug|iPhone.Build.0 = Debug|Any CPU
		{F9667820-D912-45F8-8648-AC0A2A628FA9}.Debug|iPhoneSimulator.ActiveCfg = Debug|Any CPU
		{F9667820-D912-45F8-8648-AC0A2A628FA9}.Debug|iPhoneSimulator.Build.0 = Debug|Any CPU
		{F9667820-D912-45F8-8648-AC0A2A628FA9}.Debug|x64.ActiveCfg = Debug|Any CPU
		{F9667820-D912-45F8-8648-AC0A2A628FA9}.Debug|x64.Build.0 = Debug|Any CPU
		{F9667820-D912-45F8-8648-AC0A2A628FA9}.Debug|x86.ActiveCfg = Debug|Any CPU
		{F9667820-D912-45F8-8648-AC0A2A628FA9}.Debug|x86.Build.0 = Debug|Any CPU
		{F9667820-D912-45F8-8648-AC0A2A628FA9}.Release|Any CPU.ActiveCfg = Release|Any CPU
		{F9667820-D912-45F8-8648-AC0A2A628FA9}.Release|Any CPU.Build.0 = Release|Any CPU
		{F9667820-D912-45F8-8648-AC0A2A628FA9}.Release|ARM.ActiveCfg = Release|Any CPU
		{F9667820-D912-45F8-8648-AC0A2A628FA9}.Release|ARM.Build.0 = Release|Any CPU
		{F9667820-D912-45F8-8648-AC0A2A628FA9}.Release|iPhone.ActiveCfg = Release|Any CPU
		{F9667820-D912-45F8-8648-AC0A2A628FA9}.Release|iPhone.Build.0 = Release|Any CPU
		{F9667820-D912-45F8-8648-AC0A2A628FA9}.Release|iPhoneSimulator.ActiveCfg = Release|Any CPU
		{F9667820-D912-45F8-8648-AC0A2A628FA9}.Release|iPhoneSimulator.Build.0 = Release|Any CPU
		{F9667820-D912-45F8-8648-AC0A2A628FA9}.Release|x64.ActiveCfg = Release|Any CPU
		{F9667820-D912-45F8-8648-AC0A2A628FA9}.Release|x64.Build.0 = Release|Any CPU
		{F9667820-D912-45F8-8648-AC0A2A628FA9}.Release|x86.ActiveCfg = Release|Any CPU
		{F9667820-D912-45F8-8648-AC0A2A628FA9}.Release|x86.Build.0 = Release|Any CPU
	EndGlobalSection
	GlobalSection(SolutionProperties) = preSolution
		HideSolutionNode = FALSE
	EndGlobalSection
EndGlobal
